// !$*UTF8*$!
{
	archiveVersion = 1;
	classes = {
	};
	objectVersion = 56;
	objects = {

/* Begin PBXBuildFile section */
		061338822A34415000658211 /* FirstResume.swift in Sources */ = {isa = PBXBuildFile; fileRef = 061338812A34415000658211 /* FirstResume.swift */; };
		061338842A34431600658211 /* JustifiedText.swift in Sources */ = {isa = PBXBuildFile; fileRef = 061338832A34431600658211 /* JustifiedText.swift */; };
		061338862A34434600658211 /* ResumeTitleText.swift in Sources */ = {isa = PBXBuildFile; fileRef = 061338852A34434600658211 /* ResumeTitleText.swift */; };
		061338882A34436600658211 /* ResumeSubtitleText.swift in Sources */ = {isa = PBXBuildFile; fileRef = 061338872A34436600658211 /* ResumeSubtitleText.swift */; };
		0613388A2A34437C00658211 /* ResumeDetailText.swift in Sources */ = {isa = PBXBuildFile; fileRef = 061338892A34437C00658211 /* ResumeDetailText.swift */; };
		0613388E2A347F0C00658211 /* SecondResume.swift in Sources */ = {isa = PBXBuildFile; fileRef = 0613388D2A347F0C00658211 /* SecondResume.swift */; };
		23FCDF242A31963E00B62FED /* BiodataModel.swift in Sources */ = {isa = PBXBuildFile; fileRef = 23FCDF232A31963E00B62FED /* BiodataModel.swift */; };
		23FCDF282A31A8B300B62FED /* DocumentConverterView.swift in Sources */ = {isa = PBXBuildFile; fileRef = 23FCDF272A31A8B300B62FED /* DocumentConverterView.swift */; };
		23FCDF2A2A31AED200B62FED /* EducationModel.swift in Sources */ = {isa = PBXBuildFile; fileRef = 23FCDF292A31AED200B62FED /* EducationModel.swift */; };
		23FCDF2C2A31BC6800B62FED /* WorkExperienceModel.swift in Sources */ = {isa = PBXBuildFile; fileRef = 23FCDF2B2A31BC6800B62FED /* WorkExperienceModel.swift */; };
		23FCDF2E2A31C01500B62FED /* OrganizationModel.swift in Sources */ = {isa = PBXBuildFile; fileRef = 23FCDF2D2A31C01500B62FED /* OrganizationModel.swift */; };
		23FCDF302A32238500B62FED /* VolunteerModel.swift in Sources */ = {isa = PBXBuildFile; fileRef = 23FCDF2F2A32238500B62FED /* VolunteerModel.swift */; };
		23FCDF322A322F4900B62FED /* AchievementModel.swift in Sources */ = {isa = PBXBuildFile; fileRef = 23FCDF312A322F4900B62FED /* AchievementModel.swift */; };
		23FCDF342A323AD800B62FED /* RelevancyScoreModel.swift in Sources */ = {isa = PBXBuildFile; fileRef = 23FCDF332A323AD800B62FED /* RelevancyScoreModel.swift */; };
		23FCDF562A32E5D100B62FED /* ResumeViewModel.swift in Sources */ = {isa = PBXBuildFile; fileRef = 23FCDF552A32E5D100B62FED /* ResumeViewModel.swift */; };
		23FCDF582A33103900B62FED /* UploadResumeView.swift in Sources */ = {isa = PBXBuildFile; fileRef = 23FCDF572A33103900B62FED /* UploadResumeView.swift */; };
		23FCDF5D2A33814300B62FED /* Config.swift in Sources */ = {isa = PBXBuildFile; fileRef = 23FCDF5C2A33814300B62FED /* Config.swift */; };
		23FCDF632A3462A900B62FED /* EducationCoreDataService.swift in Sources */ = {isa = PBXBuildFile; fileRef = 23FCDF622A3462A900B62FED /* EducationCoreDataService.swift */; };
		23FCDF672A34B7E000B62FED /* TestCoreDataView.swift in Sources */ = {isa = PBXBuildFile; fileRef = 23FCDF662A34B7E000B62FED /* TestCoreDataView.swift */; };
		23FCDF6B2A34D5B900B62FED /* WorkExperienceCoreDataService.swift in Sources */ = {isa = PBXBuildFile; fileRef = 23FCDF6A2A34D5B900B62FED /* WorkExperienceCoreDataService.swift */; };
		23FCDF6D2A34D8E900B62FED /* OrganizationCoreDataService.swift in Sources */ = {isa = PBXBuildFile; fileRef = 23FCDF6C2A34D8E900B62FED /* OrganizationCoreDataService.swift */; };
		23FCDF6F2A34DA4A00B62FED /* VolunteerCoreDataService.swift in Sources */ = {isa = PBXBuildFile; fileRef = 23FCDF6E2A34DA4A00B62FED /* VolunteerCoreDataService.swift */; };
		23FCDF712A34DB8200B62FED /* AchievementCoreDataService.swift in Sources */ = {isa = PBXBuildFile; fileRef = 23FCDF702A34DB8200B62FED /* AchievementCoreDataService.swift */; };
		23FCDF732A34DD9300B62FED /* BiodataCoreDataService.swift in Sources */ = {isa = PBXBuildFile; fileRef = 23FCDF722A34DD9300B62FED /* BiodataCoreDataService.swift */; };
		23FCDF762A34F7EC00B62FED /* ResumeCoreDataService.swift in Sources */ = {isa = PBXBuildFile; fileRef = 23FCDF752A34F7EC00B62FED /* ResumeCoreDataService.swift */; };
		6C09FB172A343E4B003E11D5 /* CreateResumeView.swift in Sources */ = {isa = PBXBuildFile; fileRef = 6C09FB162A343E4B003E11D5 /* CreateResumeView.swift */; };
		6C2B69E32A339B61006A571C /* EdgeBorder.swift in Sources */ = {isa = PBXBuildFile; fileRef = 6C2B69E22A339B61006A571C /* EdgeBorder.swift */; };
		6C47D8BE2A3484ED002F1689 /* Menu.swift in Sources */ = {isa = PBXBuildFile; fileRef = 6C47D8BC2A3484ED002F1689 /* Menu.swift */; };
		6C47D8BF2A3484ED002F1689 /* NavigationItem.swift in Sources */ = {isa = PBXBuildFile; fileRef = 6C47D8BD2A3484ED002F1689 /* NavigationItem.swift */; };
		6C6985CE2A3464AE008E0C7D /* ModalWorkExperience.swift in Sources */ = {isa = PBXBuildFile; fileRef = 6C6985CD2A3464AE008E0C7D /* ModalWorkExperience.swift */; };
		6C6985D02A3464BA008E0C7D /* FirstStepView.swift in Sources */ = {isa = PBXBuildFile; fileRef = 6C6985CF2A3464BA008E0C7D /* FirstStepView.swift */; };
		6C6985D22A34652C008E0C7D /* Star.swift in Sources */ = {isa = PBXBuildFile; fileRef = 6C6985D12A34652C008E0C7D /* Star.swift */; };
		6C6985D42A346531008E0C7D /* Bio.swift in Sources */ = {isa = PBXBuildFile; fileRef = 6C6985D32A346531008E0C7D /* Bio.swift */; };
		6C8847862A34BC5B008FB2BC /* TagCard.swift in Sources */ = {isa = PBXBuildFile; fileRef = 6C8847852A34BC5B008FB2BC /* TagCard.swift */; };
		6C8E6DF52A35C79A0048C263 /* DocumentExporter.swift in Sources */ = {isa = PBXBuildFile; fileRef = 6C8E6DF42A35C79A0048C263 /* DocumentExporter.swift */; };
		6C8E6DF82A35C81A0048C263 /* PDFDocumentViewer.swift in Sources */ = {isa = PBXBuildFile; fileRef = 6C8E6DF72A35C81A0048C263 /* PDFDocumentViewer.swift */; };
		6C8E6DFB2A35C93A0048C263 /* DocumentImporter.swift in Sources */ = {isa = PBXBuildFile; fileRef = 6C8E6DFA2A35C93A0048C263 /* DocumentImporter.swift */; };
		6C8E6DFD2A35CA090048C263 /* SaveResumeView.swift in Sources */ = {isa = PBXBuildFile; fileRef = 6C8E6DFC2A35CA090048C263 /* SaveResumeView.swift */; };
		6C97FA7D2A339A4000BB4715 /* Extensions.swift in Sources */ = {isa = PBXBuildFile; fileRef = 6C97FA7C2A339A4000BB4715 /* Extensions.swift */; };
		6C9C59892A36041700DD95E8 /* Config.plist in Resources */ = {isa = PBXBuildFile; fileRef = 6C9C59882A36041700DD95E8 /* Config.plist */; };
		6CB48DFF2A35FFF0001A61A6 /* Volunteering.swift in Sources */ = {isa = PBXBuildFile; fileRef = 6CB48DFE2A35FFF0001A61A6 /* Volunteering.swift */; };
		6CB48E012A35FFFD001A61A6 /* WorkExp.swift in Sources */ = {isa = PBXBuildFile; fileRef = 6CB48E002A35FFFD001A61A6 /* WorkExp.swift */; };
		6CB48E032A36000D001A61A6 /* Organize.swift in Sources */ = {isa = PBXBuildFile; fileRef = 6CB48E022A36000D001A61A6 /* Organize.swift */; };
		6CB48E052A360053001A61A6 /* ModalEducation.swift in Sources */ = {isa = PBXBuildFile; fileRef = 6CB48E042A360053001A61A6 /* ModalEducation.swift */; };
		6CB48E122A360078001A61A6 /* AddOrganization.swift in Sources */ = {isa = PBXBuildFile; fileRef = 6CB48E072A360078001A61A6 /* AddOrganization.swift */; };
		6CB48E132A360078001A61A6 /* OrganizationView.swift in Sources */ = {isa = PBXBuildFile; fileRef = 6CB48E082A360078001A61A6 /* OrganizationView.swift */; };
		6CB48E142A360078001A61A6 /* ModalOrganizationExperience.swift in Sources */ = {isa = PBXBuildFile; fileRef = 6CB48E092A360078001A61A6 /* ModalOrganizationExperience.swift */; };
		6CB48E152A360078001A61A6 /* VolunteeringView.swift in Sources */ = {isa = PBXBuildFile; fileRef = 6CB48E0B2A360078001A61A6 /* VolunteeringView.swift */; };
		6CB48E162A360078001A61A6 /* ModalVolunteering.swift in Sources */ = {isa = PBXBuildFile; fileRef = 6CB48E0C2A360078001A61A6 /* ModalVolunteering.swift */; };
		6CB48E172A360078001A61A6 /* AddVolunteering.swift in Sources */ = {isa = PBXBuildFile; fileRef = 6CB48E0D2A360078001A61A6 /* AddVolunteering.swift */; };
		6CB48E182A360078001A61A6 /* ModalAchievement.swift in Sources */ = {isa = PBXBuildFile; fileRef = 6CB48E0F2A360078001A61A6 /* ModalAchievement.swift */; };
		6CB48E192A360078001A61A6 /* AchievementView.swift in Sources */ = {isa = PBXBuildFile; fileRef = 6CB48E102A360078001A61A6 /* AchievementView.swift */; };
		6CB48E1A2A360078001A61A6 /* AddAchievement.swift in Sources */ = {isa = PBXBuildFile; fileRef = 6CB48E112A360078001A61A6 /* AddAchievement.swift */; };
		6CB48E1C2A360131001A61A6 /* Achievementt.swift in Sources */ = {isa = PBXBuildFile; fileRef = 6CB48E1B2A360131001A61A6 /* Achievementt.swift */; };
		6CB48E1E2A360212001A61A6 /* Educationn.swift in Sources */ = {isa = PBXBuildFile; fileRef = 6CB48E1D2A360212001A61A6 /* Educationn.swift */; };
		6C983AF82A34DCC600CCAEFF /* PreviewResumeView.swift in Sources */ = {isa = PBXBuildFile; fileRef = 6C983AF72A34DCC600CCAEFF /* PreviewResumeView.swift */; };
		6CCD80BD2A3188C100D26574 /* ResuMateApp.swift in Sources */ = {isa = PBXBuildFile; fileRef = 6CCD80BC2A3188C100D26574 /* ResuMateApp.swift */; };
		6CCD80BF2A3188C100D26574 /* ContentView.swift in Sources */ = {isa = PBXBuildFile; fileRef = 6CCD80BE2A3188C100D26574 /* ContentView.swift */; };
		6CCD80C12A3188C200D26574 /* Assets.xcassets in Resources */ = {isa = PBXBuildFile; fileRef = 6CCD80C02A3188C200D26574 /* Assets.xcassets */; };
		6CCD80C42A3188C200D26574 /* Preview Assets.xcassets in Resources */ = {isa = PBXBuildFile; fileRef = 6CCD80C32A3188C200D26574 /* Preview Assets.xcassets */; };
		6CCD80C62A3188C200D26574 /* Persistence.swift in Sources */ = {isa = PBXBuildFile; fileRef = 6CCD80C52A3188C200D26574 /* Persistence.swift */; };
		6CCD80C92A3188C200D26574 /* ResuMate.xcdatamodeld in Sources */ = {isa = PBXBuildFile; fileRef = 6CCD80C72A3188C200D26574 /* ResuMate.xcdatamodeld */; };
		6CCD80D12A318BC900D26574 /* APIManager.swift in Sources */ = {isa = PBXBuildFile; fileRef = 6CCD80D02A318BC900D26574 /* APIManager.swift */; };
		6CCD80D32A318EF100D26574 /* ChatGptService.swift in Sources */ = {isa = PBXBuildFile; fileRef = 6CCD80D22A318EF100D26574 /* ChatGptService.swift */; };
		6CCD80D52A31A8B200D26574 /* SuggestionModel.swift in Sources */ = {isa = PBXBuildFile; fileRef = 6CCD80D42A31A8B200D26574 /* SuggestionModel.swift */; };
		6CCD80ED2A337B8C00D26574 /* Config.plist in Resources */ = {isa = PBXBuildFile; fileRef = 6CCD80EC2A337B8C00D26574 /* Config.plist */; };
		6CD43BB02A34936A004DDCE4 /* SelectResumeDataView.swift in Sources */ = {isa = PBXBuildFile; fileRef = 6CD43BAF2A34936A004DDCE4 /* SelectResumeDataView.swift */; };
		6CD43BB22A34987C004DDCE4 /* BaseForm.swift in Sources */ = {isa = PBXBuildFile; fileRef = 6CD43BB12A34987C004DDCE4 /* BaseForm.swift */; };
		6CD43BB52A34ACDD004DDCE4 /* AddItemHeaderView.swift in Sources */ = {isa = PBXBuildFile; fileRef = 6CD43BB42A34ACDD004DDCE4 /* AddItemHeaderView.swift */; };
		6CD43BB72A34AEF2004DDCE4 /* ItemCard.swift in Sources */ = {isa = PBXBuildFile; fileRef = 6CD43BB62A34AEF2004DDCE4 /* ItemCard.swift */; };
		6CD43BBA2A34B66C004DDCE4 /* AddAndDisplayItemsView.swift in Sources */ = {isa = PBXBuildFile; fileRef = 6CD43BB92A34B66C004DDCE4 /* AddAndDisplayItemsView.swift */; };
		DE52F2862A3333C600061411 /* GeneratePhrasesView.swift in Sources */ = {isa = PBXBuildFile; fileRef = DE52F2722A3333C600061411 /* GeneratePhrasesView.swift */; };
		DE52F2872A3333C600061411 /* TQuestionView.swift in Sources */ = {isa = PBXBuildFile; fileRef = DE52F2732A3333C600061411 /* TQuestionView.swift */; };
		DE52F2882A3333C600061411 /* AQuestionView.swift in Sources */ = {isa = PBXBuildFile; fileRef = DE52F2742A3333C600061411 /* AQuestionView.swift */; };
		DE52F2892A3333C600061411 /* SQuestionView.swift in Sources */ = {isa = PBXBuildFile; fileRef = DE52F2752A3333C600061411 /* SQuestionView.swift */; };
		DE52F28A2A3333C600061411 /* RQuestionView.swift in Sources */ = {isa = PBXBuildFile; fileRef = DE52F2762A3333C600061411 /* RQuestionView.swift */; };
		DE52F28B2A3333C600061411 /* DataView.swift in Sources */ = {isa = PBXBuildFile; fileRef = DE52F2782A3333C600061411 /* DataView.swift */; };
		DE52F28C2A3333C600061411 /* ResumeView.swift in Sources */ = {isa = PBXBuildFile; fileRef = DE52F2792A3333C600061411 /* ResumeView.swift */; };
		DE52F28D2A3333C600061411 /* HomeView.swift in Sources */ = {isa = PBXBuildFile; fileRef = DE52F27A2A3333C600061411 /* HomeView.swift */; };
		DE52F28E2A3333C600061411 /* SkillView.swift in Sources */ = {isa = PBXBuildFile; fileRef = DE52F27C2A3333C600061411 /* SkillView.swift */; };
		DE52F28F2A3333C600061411 /* AddWorkExperienceView.swift in Sources */ = {isa = PBXBuildFile; fileRef = DE52F27E2A3333C600061411 /* AddWorkExperienceView.swift */; };
		DE52F2902A3333C600061411 /* WorkExperienceView.swift in Sources */ = {isa = PBXBuildFile; fileRef = DE52F27F2A3333C600061411 /* WorkExperienceView.swift */; };
		DE52F2912A3333C600061411 /* EducationView.swift in Sources */ = {isa = PBXBuildFile; fileRef = DE52F2812A3333C600061411 /* EducationView.swift */; };
		DE52F2922A3333C600061411 /* AddEducationView.swift in Sources */ = {isa = PBXBuildFile; fileRef = DE52F2822A3333C600061411 /* AddEducationView.swift */; };
		DE52F2932A3333C600061411 /* SelectItemSheet.swift in Sources */ = {isa = PBXBuildFile; fileRef = DE52F2842A3333C600061411 /* SelectItemSheet.swift */; };
		DE52F2942A3333C600061411 /* PersonalDataView.swift in Sources */ = {isa = PBXBuildFile; fileRef = DE52F2852A3333C600061411 /* PersonalDataView.swift */; };
		DE52F2B12A33340400061411 /* DateForm.swift in Sources */ = {isa = PBXBuildFile; fileRef = DE52F29B2A33340400061411 /* DateForm.swift */; };
		DE52F2B22A33340400061411 /* BigForm.swift in Sources */ = {isa = PBXBuildFile; fileRef = DE52F29C2A33340400061411 /* BigForm.swift */; };
		DE52F2B32A33340400061411 /* CustomToolbarButton.swift in Sources */ = {isa = PBXBuildFile; fileRef = DE52F29D2A33340400061411 /* CustomToolbarButton.swift */; };
		DE52F2B42A33340400061411 /* Title.swift in Sources */ = {isa = PBXBuildFile; fileRef = DE52F29E2A33340400061411 /* Title.swift */; };
		DE52F2B52A33340400061411 /* GeneratePhrasesToolbar.swift in Sources */ = {isa = PBXBuildFile; fileRef = DE52F29F2A33340400061411 /* GeneratePhrasesToolbar.swift */; };
		DE52F2B62A33340400061411 /* CustomToolbar.swift in Sources */ = {isa = PBXBuildFile; fileRef = DE52F2A02A33340400061411 /* CustomToolbar.swift */; };
		DE52F2B72A33340400061411 /* InfoCard.swift in Sources */ = {isa = PBXBuildFile; fileRef = DE52F2A12A33340400061411 /* InfoCard.swift */; };
		DE52F2B82A33340400061411 /* AdaptiveForm.swift in Sources */ = {isa = PBXBuildFile; fileRef = DE52F2A22A33340400061411 /* AdaptiveForm.swift */; };
		DE52F2BA2A33340400061411 /* OnboardingButton.swift in Sources */ = {isa = PBXBuildFile; fileRef = DE52F2A42A33340400061411 /* OnboardingButton.swift */; };
		DE52F2BB2A33340400061411 /* Subtitle.swift in Sources */ = {isa = PBXBuildFile; fileRef = DE52F2A52A33340400061411 /* Subtitle.swift */; };
		DE52F2BC2A33340400061411 /* EmptyResumeDataView.swift in Sources */ = {isa = PBXBuildFile; fileRef = DE52F2A62A33340400061411 /* EmptyResumeDataView.swift */; };
		DE52F2BD2A33340400061411 /* TitleToolbar.swift in Sources */ = {isa = PBXBuildFile; fileRef = DE52F2A72A33340400061411 /* TitleToolbar.swift */; };
		DE52F2BE2A33340400061411 /* ProgressBar.swift in Sources */ = {isa = PBXBuildFile; fileRef = DE52F2A82A33340400061411 /* ProgressBar.swift */; };
		DE52F2BF2A33340400061411 /* TagForm.swift in Sources */ = {isa = PBXBuildFile; fileRef = DE52F2A92A33340400061411 /* TagForm.swift */; };
		DE52F2C02A33340400061411 /* DataCard.swift in Sources */ = {isa = PBXBuildFile; fileRef = DE52F2AA2A33340400061411 /* DataCard.swift */; };
		DE52F2C12A33340400061411 /* Loading.swift in Sources */ = {isa = PBXBuildFile; fileRef = DE52F2AB2A33340400061411 /* Loading.swift */; };
		DE52F2C22A33340400061411 /* BigButton.swift in Sources */ = {isa = PBXBuildFile; fileRef = DE52F2AC2A33340400061411 /* BigButton.swift */; };
		DE52F2C32A33340400061411 /* SmallButton.swift in Sources */ = {isa = PBXBuildFile; fileRef = DE52F2AD2A33340400061411 /* SmallButton.swift */; };
		DE52F2C42A33340400061411 /* AtomicComponent.swift in Sources */ = {isa = PBXBuildFile; fileRef = DE52F2AE2A33340400061411 /* AtomicComponent.swift */; };
		DE52F2C52A33340400061411 /* GeneratePhrasesForm.swift in Sources */ = {isa = PBXBuildFile; fileRef = DE52F2AF2A33340400061411 /* GeneratePhrasesForm.swift */; };
		DE52F2C62A33340400061411 /* CustomToolbar2.swift in Sources */ = {isa = PBXBuildFile; fileRef = DE52F2B02A33340400061411 /* CustomToolbar2.swift */; };
		DE52F2CB2A33349000061411 /* ScoreStatusModel.swift in Sources */ = {isa = PBXBuildFile; fileRef = DE52F2C82A33349000061411 /* ScoreStatusModel.swift */; };
		DE52F2CC2A33349000061411 /* TagModel.swift in Sources */ = {isa = PBXBuildFile; fileRef = DE52F2C92A33349000061411 /* TagModel.swift */; };
		DE52F2CD2A33349000061411 /* JobModel.swift in Sources */ = {isa = PBXBuildFile; fileRef = DE52F2CA2A33349000061411 /* JobModel.swift */; };
/* End PBXBuildFile section */

/* Begin PBXFileReference section */
		061338812A34415000658211 /* FirstResume.swift */ = {isa = PBXFileReference; lastKnownFileType = sourcecode.swift; path = FirstResume.swift; sourceTree = "<group>"; };
		061338832A34431600658211 /* JustifiedText.swift */ = {isa = PBXFileReference; lastKnownFileType = sourcecode.swift; path = JustifiedText.swift; sourceTree = "<group>"; };
		061338852A34434600658211 /* ResumeTitleText.swift */ = {isa = PBXFileReference; lastKnownFileType = sourcecode.swift; path = ResumeTitleText.swift; sourceTree = "<group>"; };
		061338872A34436600658211 /* ResumeSubtitleText.swift */ = {isa = PBXFileReference; lastKnownFileType = sourcecode.swift; path = ResumeSubtitleText.swift; sourceTree = "<group>"; };
		061338892A34437C00658211 /* ResumeDetailText.swift */ = {isa = PBXFileReference; lastKnownFileType = sourcecode.swift; path = ResumeDetailText.swift; sourceTree = "<group>"; };
		0613388D2A347F0C00658211 /* SecondResume.swift */ = {isa = PBXFileReference; lastKnownFileType = sourcecode.swift; path = SecondResume.swift; sourceTree = "<group>"; };
		23FCDF232A31963E00B62FED /* BiodataModel.swift */ = {isa = PBXFileReference; lastKnownFileType = sourcecode.swift; path = BiodataModel.swift; sourceTree = "<group>"; };
		23FCDF272A31A8B300B62FED /* DocumentConverterView.swift */ = {isa = PBXFileReference; lastKnownFileType = sourcecode.swift; path = DocumentConverterView.swift; sourceTree = "<group>"; };
		23FCDF292A31AED200B62FED /* EducationModel.swift */ = {isa = PBXFileReference; lastKnownFileType = sourcecode.swift; path = EducationModel.swift; sourceTree = "<group>"; };
		23FCDF2B2A31BC6800B62FED /* WorkExperienceModel.swift */ = {isa = PBXFileReference; lastKnownFileType = sourcecode.swift; path = WorkExperienceModel.swift; sourceTree = "<group>"; };
		23FCDF2D2A31C01500B62FED /* OrganizationModel.swift */ = {isa = PBXFileReference; lastKnownFileType = sourcecode.swift; path = OrganizationModel.swift; sourceTree = "<group>"; };
		23FCDF2F2A32238500B62FED /* VolunteerModel.swift */ = {isa = PBXFileReference; lastKnownFileType = sourcecode.swift; path = VolunteerModel.swift; sourceTree = "<group>"; };
		23FCDF312A322F4900B62FED /* AchievementModel.swift */ = {isa = PBXFileReference; lastKnownFileType = sourcecode.swift; path = AchievementModel.swift; sourceTree = "<group>"; };
		23FCDF332A323AD800B62FED /* RelevancyScoreModel.swift */ = {isa = PBXFileReference; fileEncoding = 4; lastKnownFileType = sourcecode.swift; path = RelevancyScoreModel.swift; sourceTree = "<group>"; };
		23FCDF552A32E5D100B62FED /* ResumeViewModel.swift */ = {isa = PBXFileReference; lastKnownFileType = sourcecode.swift; path = ResumeViewModel.swift; sourceTree = "<group>"; };
		23FCDF572A33103900B62FED /* UploadResumeView.swift */ = {isa = PBXFileReference; lastKnownFileType = sourcecode.swift; path = UploadResumeView.swift; sourceTree = "<group>"; };
		23FCDF5C2A33814300B62FED /* Config.swift */ = {isa = PBXFileReference; fileEncoding = 4; lastKnownFileType = sourcecode.swift; path = Config.swift; sourceTree = "<group>"; };
		23FCDF622A3462A900B62FED /* EducationCoreDataService.swift */ = {isa = PBXFileReference; lastKnownFileType = sourcecode.swift; path = EducationCoreDataService.swift; sourceTree = "<group>"; };
		23FCDF662A34B7E000B62FED /* TestCoreDataView.swift */ = {isa = PBXFileReference; lastKnownFileType = sourcecode.swift; path = TestCoreDataView.swift; sourceTree = "<group>"; };
		23FCDF6A2A34D5B900B62FED /* WorkExperienceCoreDataService.swift */ = {isa = PBXFileReference; lastKnownFileType = sourcecode.swift; path = WorkExperienceCoreDataService.swift; sourceTree = "<group>"; };
		23FCDF6C2A34D8E900B62FED /* OrganizationCoreDataService.swift */ = {isa = PBXFileReference; lastKnownFileType = sourcecode.swift; path = OrganizationCoreDataService.swift; sourceTree = "<group>"; };
		23FCDF6E2A34DA4A00B62FED /* VolunteerCoreDataService.swift */ = {isa = PBXFileReference; lastKnownFileType = sourcecode.swift; path = VolunteerCoreDataService.swift; sourceTree = "<group>"; };
		23FCDF702A34DB8200B62FED /* AchievementCoreDataService.swift */ = {isa = PBXFileReference; lastKnownFileType = sourcecode.swift; path = AchievementCoreDataService.swift; sourceTree = "<group>"; };
		23FCDF722A34DD9300B62FED /* BiodataCoreDataService.swift */ = {isa = PBXFileReference; lastKnownFileType = sourcecode.swift; path = BiodataCoreDataService.swift; sourceTree = "<group>"; };
		23FCDF752A34F7EC00B62FED /* ResumeCoreDataService.swift */ = {isa = PBXFileReference; lastKnownFileType = sourcecode.swift; path = ResumeCoreDataService.swift; sourceTree = "<group>"; };
		6C09FB162A343E4B003E11D5 /* CreateResumeView.swift */ = {isa = PBXFileReference; lastKnownFileType = sourcecode.swift; path = CreateResumeView.swift; sourceTree = "<group>"; };
		6C2B69E22A339B61006A571C /* EdgeBorder.swift */ = {isa = PBXFileReference; lastKnownFileType = sourcecode.swift; path = EdgeBorder.swift; sourceTree = "<group>"; };
		6C47D8BC2A3484ED002F1689 /* Menu.swift */ = {isa = PBXFileReference; fileEncoding = 4; lastKnownFileType = sourcecode.swift; path = Menu.swift; sourceTree = "<group>"; };
		6C47D8BD2A3484ED002F1689 /* NavigationItem.swift */ = {isa = PBXFileReference; fileEncoding = 4; lastKnownFileType = sourcecode.swift; path = NavigationItem.swift; sourceTree = "<group>"; };
		6C6985CD2A3464AE008E0C7D /* ModalWorkExperience.swift */ = {isa = PBXFileReference; fileEncoding = 4; lastKnownFileType = sourcecode.swift; path = ModalWorkExperience.swift; sourceTree = "<group>"; };
		6C6985CF2A3464BA008E0C7D /* FirstStepView.swift */ = {isa = PBXFileReference; fileEncoding = 4; lastKnownFileType = sourcecode.swift; path = FirstStepView.swift; sourceTree = "<group>"; };
		6C6985D12A34652C008E0C7D /* Star.swift */ = {isa = PBXFileReference; fileEncoding = 4; lastKnownFileType = sourcecode.swift; path = Star.swift; sourceTree = "<group>"; };
		6C6985D32A346531008E0C7D /* Bio.swift */ = {isa = PBXFileReference; fileEncoding = 4; lastKnownFileType = sourcecode.swift; path = Bio.swift; sourceTree = "<group>"; };
		6C8847852A34BC5B008FB2BC /* TagCard.swift */ = {isa = PBXFileReference; lastKnownFileType = sourcecode.swift; path = TagCard.swift; sourceTree = "<group>"; };
		6C8E6DF42A35C79A0048C263 /* DocumentExporter.swift */ = {isa = PBXFileReference; lastKnownFileType = sourcecode.swift; path = DocumentExporter.swift; sourceTree = "<group>"; };
		6C8E6DF72A35C81A0048C263 /* PDFDocumentViewer.swift */ = {isa = PBXFileReference; lastKnownFileType = sourcecode.swift; path = PDFDocumentViewer.swift; sourceTree = "<group>"; };
		6C8E6DFA2A35C93A0048C263 /* DocumentImporter.swift */ = {isa = PBXFileReference; lastKnownFileType = sourcecode.swift; path = DocumentImporter.swift; sourceTree = "<group>"; };
		6C8E6DFC2A35CA090048C263 /* SaveResumeView.swift */ = {isa = PBXFileReference; lastKnownFileType = sourcecode.swift; path = SaveResumeView.swift; sourceTree = "<group>"; };
		6C97FA7C2A339A4000BB4715 /* Extensions.swift */ = {isa = PBXFileReference; lastKnownFileType = sourcecode.swift; path = Extensions.swift; sourceTree = "<group>"; };
		6C9C59882A36041700DD95E8 /* Config.plist */ = {isa = PBXFileReference; lastKnownFileType = text.plist.xml; path = Config.plist; sourceTree = "<group>"; };
		6CB48DFE2A35FFF0001A61A6 /* Volunteering.swift */ = {isa = PBXFileReference; fileEncoding = 4; lastKnownFileType = sourcecode.swift; path = Volunteering.swift; sourceTree = "<group>"; };
		6CB48E002A35FFFD001A61A6 /* WorkExp.swift */ = {isa = PBXFileReference; fileEncoding = 4; lastKnownFileType = sourcecode.swift; path = WorkExp.swift; sourceTree = "<group>"; };
		6CB48E022A36000D001A61A6 /* Organize.swift */ = {isa = PBXFileReference; fileEncoding = 4; lastKnownFileType = sourcecode.swift; path = Organize.swift; sourceTree = "<group>"; };
		6CB48E042A360053001A61A6 /* ModalEducation.swift */ = {isa = PBXFileReference; fileEncoding = 4; lastKnownFileType = sourcecode.swift; name = ModalEducation.swift; path = ResuMate/Views/Education/ModalEducation.swift; sourceTree = SOURCE_ROOT; };
		6CB48E072A360078001A61A6 /* AddOrganization.swift */ = {isa = PBXFileReference; fileEncoding = 4; lastKnownFileType = sourcecode.swift; path = AddOrganization.swift; sourceTree = "<group>"; };
		6CB48E082A360078001A61A6 /* OrganizationView.swift */ = {isa = PBXFileReference; fileEncoding = 4; lastKnownFileType = sourcecode.swift; path = OrganizationView.swift; sourceTree = "<group>"; };
		6CB48E092A360078001A61A6 /* ModalOrganizationExperience.swift */ = {isa = PBXFileReference; fileEncoding = 4; lastKnownFileType = sourcecode.swift; path = ModalOrganizationExperience.swift; sourceTree = "<group>"; };
		6CB48E0B2A360078001A61A6 /* VolunteeringView.swift */ = {isa = PBXFileReference; fileEncoding = 4; lastKnownFileType = sourcecode.swift; path = VolunteeringView.swift; sourceTree = "<group>"; };
		6CB48E0C2A360078001A61A6 /* ModalVolunteering.swift */ = {isa = PBXFileReference; fileEncoding = 4; lastKnownFileType = sourcecode.swift; path = ModalVolunteering.swift; sourceTree = "<group>"; };
		6CB48E0D2A360078001A61A6 /* AddVolunteering.swift */ = {isa = PBXFileReference; fileEncoding = 4; lastKnownFileType = sourcecode.swift; path = AddVolunteering.swift; sourceTree = "<group>"; };
		6CB48E0F2A360078001A61A6 /* ModalAchievement.swift */ = {isa = PBXFileReference; fileEncoding = 4; lastKnownFileType = sourcecode.swift; path = ModalAchievement.swift; sourceTree = "<group>"; };
		6CB48E102A360078001A61A6 /* AchievementView.swift */ = {isa = PBXFileReference; fileEncoding = 4; lastKnownFileType = sourcecode.swift; path = AchievementView.swift; sourceTree = "<group>"; };
		6CB48E112A360078001A61A6 /* AddAchievement.swift */ = {isa = PBXFileReference; fileEncoding = 4; lastKnownFileType = sourcecode.swift; path = AddAchievement.swift; sourceTree = "<group>"; };
		6CB48E1B2A360131001A61A6 /* Achievementt.swift */ = {isa = PBXFileReference; fileEncoding = 4; lastKnownFileType = sourcecode.swift; path = Achievementt.swift; sourceTree = "<group>"; };
		6CB48E1D2A360212001A61A6 /* Educationn.swift */ = {isa = PBXFileReference; fileEncoding = 4; lastKnownFileType = sourcecode.swift; path = Educationn.swift; sourceTree = "<group>"; };
		6C983AF72A34DCC600CCAEFF /* PreviewResumeView.swift */ = {isa = PBXFileReference; lastKnownFileType = sourcecode.swift; path = PreviewResumeView.swift; sourceTree = "<group>"; };
		6CCD80B92A3188C100D26574 /* ResuMate.app */ = {isa = PBXFileReference; explicitFileType = wrapper.application; includeInIndex = 0; path = ResuMate.app; sourceTree = BUILT_PRODUCTS_DIR; };
		6CCD80BC2A3188C100D26574 /* ResuMateApp.swift */ = {isa = PBXFileReference; lastKnownFileType = sourcecode.swift; path = ResuMateApp.swift; sourceTree = "<group>"; };
		6CCD80BE2A3188C100D26574 /* ContentView.swift */ = {isa = PBXFileReference; lastKnownFileType = sourcecode.swift; path = ContentView.swift; sourceTree = "<group>"; };
		6CCD80C02A3188C200D26574 /* Assets.xcassets */ = {isa = PBXFileReference; lastKnownFileType = folder.assetcatalog; path = Assets.xcassets; sourceTree = "<group>"; };
		6CCD80C32A3188C200D26574 /* Preview Assets.xcassets */ = {isa = PBXFileReference; lastKnownFileType = folder.assetcatalog; path = "Preview Assets.xcassets"; sourceTree = "<group>"; };
		6CCD80C52A3188C200D26574 /* Persistence.swift */ = {isa = PBXFileReference; lastKnownFileType = sourcecode.swift; path = Persistence.swift; sourceTree = "<group>"; };
		6CCD80C82A3188C200D26574 /* ResuMate.xcdatamodel */ = {isa = PBXFileReference; lastKnownFileType = wrapper.xcdatamodel; path = ResuMate.xcdatamodel; sourceTree = "<group>"; };
		6CCD80D02A318BC900D26574 /* APIManager.swift */ = {isa = PBXFileReference; lastKnownFileType = sourcecode.swift; path = APIManager.swift; sourceTree = "<group>"; };
		6CCD80D22A318EF100D26574 /* ChatGptService.swift */ = {isa = PBXFileReference; lastKnownFileType = sourcecode.swift; path = ChatGptService.swift; sourceTree = "<group>"; };
		6CCD80D42A31A8B200D26574 /* SuggestionModel.swift */ = {isa = PBXFileReference; lastKnownFileType = sourcecode.swift; path = SuggestionModel.swift; sourceTree = "<group>"; };
		6CCD80EC2A337B8C00D26574 /* Config.plist */ = {isa = PBXFileReference; fileEncoding = 4; lastKnownFileType = text.plist.xml; path = Config.plist; sourceTree = "<group>"; };
		6CD43BAF2A34936A004DDCE4 /* SelectResumeDataView.swift */ = {isa = PBXFileReference; lastKnownFileType = sourcecode.swift; path = SelectResumeDataView.swift; sourceTree = "<group>"; };
		6CD43BB12A34987C004DDCE4 /* BaseForm.swift */ = {isa = PBXFileReference; fileEncoding = 4; lastKnownFileType = sourcecode.swift; path = BaseForm.swift; sourceTree = "<group>"; };
		6CD43BB42A34ACDD004DDCE4 /* AddItemHeaderView.swift */ = {isa = PBXFileReference; lastKnownFileType = sourcecode.swift; path = AddItemHeaderView.swift; sourceTree = "<group>"; };
		6CD43BB62A34AEF2004DDCE4 /* ItemCard.swift */ = {isa = PBXFileReference; lastKnownFileType = sourcecode.swift; path = ItemCard.swift; sourceTree = "<group>"; };
		6CD43BB92A34B66C004DDCE4 /* AddAndDisplayItemsView.swift */ = {isa = PBXFileReference; lastKnownFileType = sourcecode.swift; path = AddAndDisplayItemsView.swift; sourceTree = "<group>"; };
		DE52F2722A3333C600061411 /* GeneratePhrasesView.swift */ = {isa = PBXFileReference; fileEncoding = 4; lastKnownFileType = sourcecode.swift; path = GeneratePhrasesView.swift; sourceTree = "<group>"; };
		DE52F2732A3333C600061411 /* TQuestionView.swift */ = {isa = PBXFileReference; fileEncoding = 4; lastKnownFileType = sourcecode.swift; path = TQuestionView.swift; sourceTree = "<group>"; };
		DE52F2742A3333C600061411 /* AQuestionView.swift */ = {isa = PBXFileReference; fileEncoding = 4; lastKnownFileType = sourcecode.swift; path = AQuestionView.swift; sourceTree = "<group>"; };
		DE52F2752A3333C600061411 /* SQuestionView.swift */ = {isa = PBXFileReference; fileEncoding = 4; lastKnownFileType = sourcecode.swift; path = SQuestionView.swift; sourceTree = "<group>"; };
		DE52F2762A3333C600061411 /* RQuestionView.swift */ = {isa = PBXFileReference; fileEncoding = 4; lastKnownFileType = sourcecode.swift; path = RQuestionView.swift; sourceTree = "<group>"; };
		DE52F2782A3333C600061411 /* DataView.swift */ = {isa = PBXFileReference; fileEncoding = 4; lastKnownFileType = sourcecode.swift; path = DataView.swift; sourceTree = "<group>"; };
		DE52F2792A3333C600061411 /* ResumeView.swift */ = {isa = PBXFileReference; fileEncoding = 4; lastKnownFileType = sourcecode.swift; path = ResumeView.swift; sourceTree = "<group>"; };
		DE52F27A2A3333C600061411 /* HomeView.swift */ = {isa = PBXFileReference; fileEncoding = 4; lastKnownFileType = sourcecode.swift; path = HomeView.swift; sourceTree = "<group>"; };
		DE52F27C2A3333C600061411 /* SkillView.swift */ = {isa = PBXFileReference; fileEncoding = 4; lastKnownFileType = sourcecode.swift; path = SkillView.swift; sourceTree = "<group>"; };
		DE52F27E2A3333C600061411 /* AddWorkExperienceView.swift */ = {isa = PBXFileReference; fileEncoding = 4; lastKnownFileType = sourcecode.swift; path = AddWorkExperienceView.swift; sourceTree = "<group>"; };
		DE52F27F2A3333C600061411 /* WorkExperienceView.swift */ = {isa = PBXFileReference; fileEncoding = 4; lastKnownFileType = sourcecode.swift; path = WorkExperienceView.swift; sourceTree = "<group>"; };
		DE52F2812A3333C600061411 /* EducationView.swift */ = {isa = PBXFileReference; fileEncoding = 4; lastKnownFileType = sourcecode.swift; path = EducationView.swift; sourceTree = "<group>"; };
		DE52F2822A3333C600061411 /* AddEducationView.swift */ = {isa = PBXFileReference; fileEncoding = 4; lastKnownFileType = sourcecode.swift; path = AddEducationView.swift; sourceTree = "<group>"; };
		DE52F2842A3333C600061411 /* SelectItemSheet.swift */ = {isa = PBXFileReference; fileEncoding = 4; lastKnownFileType = sourcecode.swift; path = SelectItemSheet.swift; sourceTree = "<group>"; };
		DE52F2852A3333C600061411 /* PersonalDataView.swift */ = {isa = PBXFileReference; fileEncoding = 4; lastKnownFileType = sourcecode.swift; path = PersonalDataView.swift; sourceTree = "<group>"; };
		DE52F29B2A33340400061411 /* DateForm.swift */ = {isa = PBXFileReference; fileEncoding = 4; lastKnownFileType = sourcecode.swift; path = DateForm.swift; sourceTree = "<group>"; };
		DE52F29C2A33340400061411 /* BigForm.swift */ = {isa = PBXFileReference; fileEncoding = 4; lastKnownFileType = sourcecode.swift; path = BigForm.swift; sourceTree = "<group>"; };
		DE52F29D2A33340400061411 /* CustomToolbarButton.swift */ = {isa = PBXFileReference; fileEncoding = 4; lastKnownFileType = sourcecode.swift; path = CustomToolbarButton.swift; sourceTree = "<group>"; };
		DE52F29E2A33340400061411 /* Title.swift */ = {isa = PBXFileReference; fileEncoding = 4; lastKnownFileType = sourcecode.swift; path = Title.swift; sourceTree = "<group>"; };
		DE52F29F2A33340400061411 /* GeneratePhrasesToolbar.swift */ = {isa = PBXFileReference; fileEncoding = 4; lastKnownFileType = sourcecode.swift; path = GeneratePhrasesToolbar.swift; sourceTree = "<group>"; };
		DE52F2A02A33340400061411 /* CustomToolbar.swift */ = {isa = PBXFileReference; fileEncoding = 4; lastKnownFileType = sourcecode.swift; path = CustomToolbar.swift; sourceTree = "<group>"; };
		DE52F2A12A33340400061411 /* InfoCard.swift */ = {isa = PBXFileReference; fileEncoding = 4; lastKnownFileType = sourcecode.swift; path = InfoCard.swift; sourceTree = "<group>"; };
		DE52F2A22A33340400061411 /* AdaptiveForm.swift */ = {isa = PBXFileReference; fileEncoding = 4; lastKnownFileType = sourcecode.swift; path = AdaptiveForm.swift; sourceTree = "<group>"; };
		DE52F2A42A33340400061411 /* OnboardingButton.swift */ = {isa = PBXFileReference; fileEncoding = 4; lastKnownFileType = sourcecode.swift; path = OnboardingButton.swift; sourceTree = "<group>"; };
		DE52F2A52A33340400061411 /* Subtitle.swift */ = {isa = PBXFileReference; fileEncoding = 4; lastKnownFileType = sourcecode.swift; path = Subtitle.swift; sourceTree = "<group>"; };
		DE52F2A62A33340400061411 /* EmptyResumeDataView.swift */ = {isa = PBXFileReference; fileEncoding = 4; lastKnownFileType = sourcecode.swift; path = EmptyResumeDataView.swift; sourceTree = "<group>"; };
		DE52F2A72A33340400061411 /* TitleToolbar.swift */ = {isa = PBXFileReference; fileEncoding = 4; lastKnownFileType = sourcecode.swift; path = TitleToolbar.swift; sourceTree = "<group>"; };
		DE52F2A82A33340400061411 /* ProgressBar.swift */ = {isa = PBXFileReference; fileEncoding = 4; lastKnownFileType = sourcecode.swift; path = ProgressBar.swift; sourceTree = "<group>"; };
		DE52F2A92A33340400061411 /* TagForm.swift */ = {isa = PBXFileReference; fileEncoding = 4; lastKnownFileType = sourcecode.swift; path = TagForm.swift; sourceTree = "<group>"; };
		DE52F2AA2A33340400061411 /* DataCard.swift */ = {isa = PBXFileReference; fileEncoding = 4; lastKnownFileType = sourcecode.swift; path = DataCard.swift; sourceTree = "<group>"; };
		DE52F2AB2A33340400061411 /* Loading.swift */ = {isa = PBXFileReference; fileEncoding = 4; lastKnownFileType = sourcecode.swift; path = Loading.swift; sourceTree = "<group>"; };
		DE52F2AC2A33340400061411 /* BigButton.swift */ = {isa = PBXFileReference; fileEncoding = 4; lastKnownFileType = sourcecode.swift; path = BigButton.swift; sourceTree = "<group>"; };
		DE52F2AD2A33340400061411 /* SmallButton.swift */ = {isa = PBXFileReference; fileEncoding = 4; lastKnownFileType = sourcecode.swift; path = SmallButton.swift; sourceTree = "<group>"; };
		DE52F2AE2A33340400061411 /* AtomicComponent.swift */ = {isa = PBXFileReference; fileEncoding = 4; lastKnownFileType = sourcecode.swift; path = AtomicComponent.swift; sourceTree = "<group>"; };
		DE52F2AF2A33340400061411 /* GeneratePhrasesForm.swift */ = {isa = PBXFileReference; fileEncoding = 4; lastKnownFileType = sourcecode.swift; path = GeneratePhrasesForm.swift; sourceTree = "<group>"; };
		DE52F2B02A33340400061411 /* CustomToolbar2.swift */ = {isa = PBXFileReference; fileEncoding = 4; lastKnownFileType = sourcecode.swift; path = CustomToolbar2.swift; sourceTree = "<group>"; };
		DE52F2C82A33349000061411 /* ScoreStatusModel.swift */ = {isa = PBXFileReference; fileEncoding = 4; lastKnownFileType = sourcecode.swift; path = ScoreStatusModel.swift; sourceTree = "<group>"; };
		DE52F2C92A33349000061411 /* TagModel.swift */ = {isa = PBXFileReference; fileEncoding = 4; lastKnownFileType = sourcecode.swift; path = TagModel.swift; sourceTree = "<group>"; };
		DE52F2CA2A33349000061411 /* JobModel.swift */ = {isa = PBXFileReference; fileEncoding = 4; lastKnownFileType = sourcecode.swift; path = JobModel.swift; sourceTree = "<group>"; };
/* End PBXFileReference section */

/* Begin PBXFrameworksBuildPhase section */
		6CCD80B62A3188C100D26574 /* Frameworks */ = {
			isa = PBXFrameworksBuildPhase;
			buildActionMask = 2147483647;
			files = (
			);
			runOnlyForDeploymentPostprocessing = 0;
		};
/* End PBXFrameworksBuildPhase section */

/* Begin PBXGroup section */
		061338802A34411800658211 /* Resumes */ = {
			isa = PBXGroup;
			children = (
				061338812A34415000658211 /* FirstResume.swift */,
				0613388D2A347F0C00658211 /* SecondResume.swift */,
			);
			path = Resumes;
			sourceTree = "<group>";
		};
		23FCDF222A31962A00B62FED /* Models */ = {
			isa = PBXGroup;
			children = (
				6C6985D32A346531008E0C7D /* Bio.swift */,
				6C6985D12A34652C008E0C7D /* Star.swift */,
				DE52F2C82A33349000061411 /* ScoreStatusModel.swift */,
				23FCDF232A31963E00B62FED /* BiodataModel.swift */,
				6CB48E1D2A360212001A61A6 /* Educationn.swift */,
				23FCDF292A31AED200B62FED /* EducationModel.swift */,
				6CB48E002A35FFFD001A61A6 /* WorkExp.swift */,
				23FCDF2B2A31BC6800B62FED /* WorkExperienceModel.swift */,
				6CB48E022A36000D001A61A6 /* Organize.swift */,
				23FCDF2D2A31C01500B62FED /* OrganizationModel.swift */,
				23FCDF332A323AD800B62FED /* RelevancyScoreModel.swift */,
				DE52F2CA2A33349000061411 /* JobModel.swift */,
				DE52F2C92A33349000061411 /* TagModel.swift */,
				6CB48DFE2A35FFF0001A61A6 /* Volunteering.swift */,
				23FCDF2F2A32238500B62FED /* VolunteerModel.swift */,
				6CB48E1B2A360131001A61A6 /* Achievementt.swift */,
				23FCDF312A322F4900B62FED /* AchievementModel.swift */,
				6CCD80D42A31A8B200D26574 /* SuggestionModel.swift */,
			);
			path = Models;
			sourceTree = "<group>";
		};
		23FCDF382A323B5C00B62FED /* Helpers */ = {
			isa = PBXGroup;
			children = (
				23FCDF5C2A33814300B62FED /* Config.swift */,
				6C97FA7C2A339A4000BB4715 /* Extensions.swift */,
			);
			path = Helpers;
			sourceTree = "<group>";
		};
		23FCDF612A34628C00B62FED /* CoreDataService */ = {
			isa = PBXGroup;
			children = (
				23FCDF622A3462A900B62FED /* EducationCoreDataService.swift */,
				23FCDF6A2A34D5B900B62FED /* WorkExperienceCoreDataService.swift */,
				23FCDF6C2A34D8E900B62FED /* OrganizationCoreDataService.swift */,
				23FCDF6E2A34DA4A00B62FED /* VolunteerCoreDataService.swift */,
				23FCDF702A34DB8200B62FED /* AchievementCoreDataService.swift */,
				23FCDF722A34DD9300B62FED /* BiodataCoreDataService.swift */,
				23FCDF752A34F7EC00B62FED /* ResumeCoreDataService.swift */,
			);
			path = CoreDataService;
			sourceTree = "<group>";
		};
		23FCDF742A34EBA400B62FED /* Experimental */ = {
			isa = PBXGroup;
			children = (
				23FCDF272A31A8B300B62FED /* DocumentConverterView.swift */,
				23FCDF662A34B7E000B62FED /* TestCoreDataView.swift */,
				23FCDF572A33103900B62FED /* UploadResumeView.swift */,
			);
			path = Experimental;
			sourceTree = "<group>";
		};
		6C09FB142A3435BA003E11D5 /* Toolbars */ = {
			isa = PBXGroup;
			children = (
				DE52F2A02A33340400061411 /* CustomToolbar.swift */,
				DE52F29F2A33340400061411 /* GeneratePhrasesToolbar.swift */,
				DE52F2A72A33340400061411 /* TitleToolbar.swift */,
				DE52F2B02A33340400061411 /* CustomToolbar2.swift */,
			);
			path = Toolbars;
			sourceTree = "<group>";
		};
		6C09FB152A3436EC003E11D5 /* Cards */ = {
			isa = PBXGroup;
			children = (
				DE52F2AA2A33340400061411 /* DataCard.swift */,
				DE52F2A12A33340400061411 /* InfoCard.swift */,
				6CD43BB62A34AEF2004DDCE4 /* ItemCard.swift */,
				6C8847852A34BC5B008FB2BC /* TagCard.swift */,
			);
			path = Cards;
			sourceTree = "<group>";
		};
		6C0AC1732A33A41A009BA336 /* App */ = {
			isa = PBXGroup;
			children = (
				6CCD80BC2A3188C100D26574 /* ResuMateApp.swift */,
				6CCD80BE2A3188C100D26574 /* ContentView.swift */,
			);
			path = App;
			sourceTree = "<group>";
		};
		6C0AC1742A33A608009BA336 /* ViewModels */ = {
			isa = PBXGroup;
			children = (
				23FCDF552A32E5D100B62FED /* ResumeViewModel.swift */,
			);
			path = ViewModels;
			sourceTree = "<group>";
		};
		6C0AC1752A342F84009BA336 /* Buttons */ = {
			isa = PBXGroup;
			children = (
				DE52F2AC2A33340400061411 /* BigButton.swift */,
				DE52F29D2A33340400061411 /* CustomToolbarButton.swift */,
				DE52F2A42A33340400061411 /* OnboardingButton.swift */,
				DE52F2AD2A33340400061411 /* SmallButton.swift */,
			);
			path = Buttons;
			sourceTree = "<group>";
		};
		6C0AC1762A342FA9009BA336 /* Shapes */ = {
			isa = PBXGroup;
			children = (
				6C2B69E22A339B61006A571C /* EdgeBorder.swift */,
			);
			path = Shapes;
			sourceTree = "<group>";
		};
		6C0AC1772A342FF2009BA336 /* Sheets */ = {
			isa = PBXGroup;
			children = (
				DE52F2842A3333C600061411 /* SelectItemSheet.swift */,
			);
			path = Sheets;
			sourceTree = "<group>";
		};
		6C0AC1782A3430E3009BA336 /* Resume */ = {
			isa = PBXGroup;
			children = (
				DE52F2792A3333C600061411 /* ResumeView.swift */,
				DE52F2A62A33340400061411 /* EmptyResumeDataView.swift */,
				6C09FB162A343E4B003E11D5 /* CreateResumeView.swift */,
				6CD43BAF2A34936A004DDCE4 /* SelectResumeDataView.swift */,
				6C983AF72A34DCC600CCAEFF /* PreviewResumeView.swift */,
				6C8E6DFC2A35CA090048C263 /* SaveResumeView.swift */,
			);
			path = Resume;
			sourceTree = "<group>";
		};
		6C0AC1792A3430F4009BA336 /* Data */ = {
			isa = PBXGroup;
			children = (
				DE52F2782A3333C600061411 /* DataView.swift */,
			);
			path = Data;
			sourceTree = "<group>";
		};
		6C0AC17A2A343181009BA336 /* Forms */ = {
			isa = PBXGroup;
			children = (
				DE52F2A22A33340400061411 /* AdaptiveForm.swift */,
				6CD43BB12A34987C004DDCE4 /* BaseForm.swift */,
				DE52F29C2A33340400061411 /* BigForm.swift */,
				DE52F29B2A33340400061411 /* DateForm.swift */,
				DE52F2AF2A33340400061411 /* GeneratePhrasesForm.swift */,
				DE52F2A92A33340400061411 /* TagForm.swift */,
			);
			path = Forms;
			sourceTree = "<group>";
		};
		6C47D8BB2A3484ED002F1689 /* Routes */ = {
			isa = PBXGroup;
			children = (
				6C47D8BC2A3484ED002F1689 /* Menu.swift */,
				6C47D8BD2A3484ED002F1689 /* NavigationItem.swift */,
			);
			name = Routes;
			path = ResuMate/Routes;
			sourceTree = SOURCE_ROOT;
		};
		6C4EE26B2A3433A4007B0E21 /* ProgressBars */ = {
			isa = PBXGroup;
			children = (
				DE52F2A82A33340400061411 /* ProgressBar.swift */,
			);
			path = ProgressBars;
			sourceTree = "<group>";
		};
		6C4EE26C2A34345C007B0E21 /* Loaders */ = {
			isa = PBXGroup;
			children = (
				DE52F2AB2A33340400061411 /* Loading.swift */,
			);
			path = Loaders;
			sourceTree = "<group>";
		};
		6C4EE26D2A3434D3007B0E21 /* Texts */ = {
			isa = PBXGroup;
			children = (
				DE52F29E2A33340400061411 /* Title.swift */,
				DE52F2A52A33340400061411 /* Subtitle.swift */,
				061338832A34431600658211 /* JustifiedText.swift */,
				061338852A34434600658211 /* ResumeTitleText.swift */,
				061338872A34436600658211 /* ResumeSubtitleText.swift */,
				061338892A34437C00658211 /* ResumeDetailText.swift */,
			);
			path = Texts;
			sourceTree = "<group>";
		};
		6CB48E062A360078001A61A6 /* organization */ = {
			isa = PBXGroup;
			children = (
				6CB48E072A360078001A61A6 /* AddOrganization.swift */,
				6CB48E082A360078001A61A6 /* OrganizationView.swift */,
				6CB48E092A360078001A61A6 /* ModalOrganizationExperience.swift */,
			);
			name = organization;
			path = ResuMate/modules/organization;
			sourceTree = SOURCE_ROOT;
		};
		6CB48E0A2A360078001A61A6 /* volunteering */ = {
			isa = PBXGroup;
			children = (
				6CB48E0B2A360078001A61A6 /* VolunteeringView.swift */,
				6CB48E0C2A360078001A61A6 /* ModalVolunteering.swift */,
				6CB48E0D2A360078001A61A6 /* AddVolunteering.swift */,
			);
			name = volunteering;
			path = ResuMate/modules/volunteering;
			sourceTree = SOURCE_ROOT;
		};
		6CB48E0E2A360078001A61A6 /* achievement */ = {
			isa = PBXGroup;
			children = (
				6CB48E0F2A360078001A61A6 /* ModalAchievement.swift */,
				6CB48E102A360078001A61A6 /* AchievementView.swift */,
				6CB48E112A360078001A61A6 /* AddAchievement.swift */,
			);
			name = achievement;
			path = ResuMate/modules/achievement;
			sourceTree = SOURCE_ROOT;
		};
		6C8E6DF32A35C7860048C263 /* Pickers */ = {
			isa = PBXGroup;
			children = (
				6C8E6DF42A35C79A0048C263 /* DocumentExporter.swift */,
				6C8E6DFA2A35C93A0048C263 /* DocumentImporter.swift */,
			);
			path = Pickers;
			sourceTree = "<group>";
		};
		6C8E6DF62A35C8000048C263 /* DocumentViewers */ = {
			isa = PBXGroup;
			children = (
				6C8E6DF72A35C81A0048C263 /* PDFDocumentViewer.swift */,
			);
			path = DocumentViewers;
			sourceTree = "<group>";
		};
		6CCD80B02A3188C100D26574 = {
			isa = PBXGroup;
			children = (
				6CCD80BB2A3188C100D26574 /* ResuMate */,
				6CCD80BA2A3188C100D26574 /* Products */,
			);
			sourceTree = "<group>";
		};
		6CCD80BA2A3188C100D26574 /* Products */ = {
			isa = PBXGroup;
			children = (
				6CCD80B92A3188C100D26574 /* ResuMate.app */,
			);
			name = Products;
			sourceTree = "<group>";
		};
		6CCD80BB2A3188C100D26574 /* ResuMate */ = {
			isa = PBXGroup;
			children = (
				6CCD80EC2A337B8C00D26574 /* Config.plist */,
				6C47D8BB2A3484ED002F1689 /* Routes */,
				6C0AC1732A33A41A009BA336 /* App */,
				DE52F29A2A33340400061411 /* Components */,
				23FCDF382A323B5C00B62FED /* Helpers */,
				6C0AC1742A33A608009BA336 /* ViewModels */,
				23FCDF222A31962A00B62FED /* Models */,
				6CCD80CF2A318BB800D26574 /* Services */,
				DE52F2702A3333C600061411 /* Views */,
				6CCD80C02A3188C200D26574 /* Assets.xcassets */,
				6CCD80C52A3188C200D26574 /* Persistence.swift */,
				6CCD80C72A3188C200D26574 /* ResuMate.xcdatamodeld */,
				6CCD80C22A3188C200D26574 /* Preview Content */,
				6C9C59882A36041700DD95E8 /* Config.plist */,
			);
			path = ResuMate;
			sourceTree = "<group>";
		};
		6CCD80C22A3188C200D26574 /* Preview Content */ = {
			isa = PBXGroup;
			children = (
				6CCD80C32A3188C200D26574 /* Preview Assets.xcassets */,
			);
			path = "Preview Content";
			sourceTree = "<group>";
		};
		6CCD80CF2A318BB800D26574 /* Services */ = {
			isa = PBXGroup;
			children = (
				23FCDF612A34628C00B62FED /* CoreDataService */,
				6CCD80D02A318BC900D26574 /* APIManager.swift */,
				6CCD80D22A318EF100D26574 /* ChatGptService.swift */,
			);
			path = Services;
			sourceTree = "<group>";
		};
		6CD43BB32A34ACC9004DDCE4 /* Headers */ = {
			isa = PBXGroup;
			children = (
				6CD43BB42A34ACDD004DDCE4 /* AddItemHeaderView.swift */,
			);
			path = Headers;
			sourceTree = "<group>";
		};
		6CD43BB82A34B5E2004DDCE4 /* GroupedComponents */ = {
			isa = PBXGroup;
			children = (
				6CD43BB92A34B66C004DDCE4 /* AddAndDisplayItemsView.swift */,
			);
			path = GroupedComponents;
			sourceTree = "<group>";
		};
		DE52F2702A3333C600061411 /* Views */ = {
			isa = PBXGroup;
			children = (
				6CB48E0E2A360078001A61A6 /* achievement */,
				6CB48E062A360078001A61A6 /* organization */,
				6CB48E0A2A360078001A61A6 /* volunteering */,
				23FCDF742A34EBA400B62FED /* Experimental */,
				6C0AC1792A3430F4009BA336 /* Data */,
				DE52F2802A3333C600061411 /* Education */,
				6C0AC1782A3430E3009BA336 /* Resume */,
				DE52F2712A3333C600061411 /* GeneratePhrases */,
				DE52F2772A3333C600061411 /* Home */,
				DE52F27B2A3333C600061411 /* Skill */,
				DE52F27D2A3333C600061411 /* WorkExperience */,
				DE52F2832A3333C600061411 /* PersonalData */,
			);
			path = Views;
			sourceTree = "<group>";
		};
		DE52F2712A3333C600061411 /* GeneratePhrases */ = {
			isa = PBXGroup;
			children = (
				DE52F2722A3333C600061411 /* GeneratePhrasesView.swift */,
				6C6985CF2A3464BA008E0C7D /* FirstStepView.swift */,
				DE52F2752A3333C600061411 /* SQuestionView.swift */,
				DE52F2732A3333C600061411 /* TQuestionView.swift */,
				DE52F2742A3333C600061411 /* AQuestionView.swift */,
				DE52F2762A3333C600061411 /* RQuestionView.swift */,
			);
			path = GeneratePhrases;
			sourceTree = "<group>";
		};
		DE52F2772A3333C600061411 /* Home */ = {
			isa = PBXGroup;
			children = (
				DE52F27A2A3333C600061411 /* HomeView.swift */,
			);
			path = Home;
			sourceTree = "<group>";
		};
		DE52F27B2A3333C600061411 /* Skill */ = {
			isa = PBXGroup;
			children = (
				DE52F27C2A3333C600061411 /* SkillView.swift */,
			);
			path = Skill;
			sourceTree = "<group>";
		};
		DE52F27D2A3333C600061411 /* WorkExperience */ = {
			isa = PBXGroup;
			children = (
				6C6985CD2A3464AE008E0C7D /* ModalWorkExperience.swift */,
				DE52F27E2A3333C600061411 /* AddWorkExperienceView.swift */,
				DE52F27F2A3333C600061411 /* WorkExperienceView.swift */,
			);
			path = WorkExperience;
			sourceTree = "<group>";
		};
		DE52F2802A3333C600061411 /* Education */ = {
			isa = PBXGroup;
			children = (
				DE52F2812A3333C600061411 /* EducationView.swift */,
				DE52F2822A3333C600061411 /* AddEducationView.swift */,
				6CB48E042A360053001A61A6 /* ModalEducation.swift */,
			);
			path = Education;
			sourceTree = "<group>";
		};
		DE52F2832A3333C600061411 /* PersonalData */ = {
			isa = PBXGroup;
			children = (
				DE52F2852A3333C600061411 /* PersonalDataView.swift */,
			);
			path = PersonalData;
			sourceTree = "<group>";
		};
		DE52F29A2A33340400061411 /* Components */ = {
			isa = PBXGroup;
			children = (
				6C8E6DF62A35C8000048C263 /* DocumentViewers */,
				6C8E6DF32A35C7860048C263 /* Pickers */,
				6CD43BB82A34B5E2004DDCE4 /* GroupedComponents */,
				6CD43BB32A34ACC9004DDCE4 /* Headers */,
				061338802A34411800658211 /* Resumes */,
				6C09FB152A3436EC003E11D5 /* Cards */,
				6C09FB142A3435BA003E11D5 /* Toolbars */,
				6C4EE26D2A3434D3007B0E21 /* Texts */,
				6C4EE26C2A34345C007B0E21 /* Loaders */,
				6C4EE26B2A3433A4007B0E21 /* ProgressBars */,
				6C0AC17A2A343181009BA336 /* Forms */,
				6C0AC1772A342FF2009BA336 /* Sheets */,
				6C0AC1762A342FA9009BA336 /* Shapes */,
				6C0AC1752A342F84009BA336 /* Buttons */,
				DE52F2AE2A33340400061411 /* AtomicComponent.swift */,
			);
			path = Components;
			sourceTree = "<group>";
		};
/* End PBXGroup section */

/* Begin PBXNativeTarget section */
		6CCD80B82A3188C100D26574 /* ResuMate */ = {
			isa = PBXNativeTarget;
			buildConfigurationList = 6CCD80CC2A3188C200D26574 /* Build configuration list for PBXNativeTarget "ResuMate" */;
			buildPhases = (
				6CCD80B52A3188C100D26574 /* Sources */,
				6CCD80B62A3188C100D26574 /* Frameworks */,
				6CCD80B72A3188C100D26574 /* Resources */,
			);
			buildRules = (
			);
			dependencies = (
			);
			name = ResuMate;
			productName = ResuMate;
			productReference = 6CCD80B92A3188C100D26574 /* ResuMate.app */;
			productType = "com.apple.product-type.application";
		};
/* End PBXNativeTarget section */

/* Begin PBXProject section */
		6CCD80B12A3188C100D26574 /* Project object */ = {
			isa = PBXProject;
			attributes = {
				BuildIndependentTargetsInParallel = 1;
				LastSwiftUpdateCheck = 1430;
				LastUpgradeCheck = 1430;
				TargetAttributes = {
					6CCD80B82A3188C100D26574 = {
						CreatedOnToolsVersion = 14.3;
					};
				};
			};
			buildConfigurationList = 6CCD80B42A3188C100D26574 /* Build configuration list for PBXProject "ResuMate" */;
			compatibilityVersion = "Xcode 14.0";
			developmentRegion = en;
			hasScannedForEncodings = 0;
			knownRegions = (
				en,
				Base,
			);
			mainGroup = 6CCD80B02A3188C100D26574;
			productRefGroup = 6CCD80BA2A3188C100D26574 /* Products */;
			projectDirPath = "";
			projectRoot = "";
			targets = (
				6CCD80B82A3188C100D26574 /* ResuMate */,
			);
		};
/* End PBXProject section */

/* Begin PBXResourcesBuildPhase section */
		6CCD80B72A3188C100D26574 /* Resources */ = {
			isa = PBXResourcesBuildPhase;
			buildActionMask = 2147483647;
			files = (
				6CCD80C42A3188C200D26574 /* Preview Assets.xcassets in Resources */,
				6C9C59892A36041700DD95E8 /* Config.plist in Resources */,
				6CCD80C12A3188C200D26574 /* Assets.xcassets in Resources */,
			);
			runOnlyForDeploymentPostprocessing = 0;
		};
/* End PBXResourcesBuildPhase section */

/* Begin PBXSourcesBuildPhase section */
		6CCD80B52A3188C100D26574 /* Sources */ = {
			isa = PBXSourcesBuildPhase;
			buildActionMask = 2147483647;
			files = (
				23FCDF562A32E5D100B62FED /* ResumeViewModel.swift in Sources */,
				23FCDF282A31A8B300B62FED /* DocumentConverterView.swift in Sources */,
				23FCDF242A31963E00B62FED /* BiodataModel.swift in Sources */,
				6CCD80D52A31A8B200D26574 /* SuggestionModel.swift in Sources */,
				23FCDF582A33103900B62FED /* UploadResumeView.swift in Sources */,
				6C8E6DF82A35C81A0048C263 /* PDFDocumentViewer.swift in Sources */,
				DE52F2BA2A33340400061411 /* OnboardingButton.swift in Sources */,
				6CB48E142A360078001A61A6 /* ModalOrganizationExperience.swift in Sources */,
				23FCDF6F2A34DA4A00B62FED /* VolunteerCoreDataService.swift in Sources */,
				DE52F2CD2A33349000061411 /* JobModel.swift in Sources */,
				DE52F2862A3333C600061411 /* GeneratePhrasesView.swift in Sources */,
				6CD43BB22A34987C004DDCE4 /* BaseForm.swift in Sources */,
				DE52F2C32A33340400061411 /* SmallButton.swift in Sources */,
				6C8E6DFB2A35C93A0048C263 /* DocumentImporter.swift in Sources */,
				6CD43BB02A34936A004DDCE4 /* SelectResumeDataView.swift in Sources */,
				6CCD80C62A3188C200D26574 /* Persistence.swift in Sources */,
				6C6985D42A346531008E0C7D /* Bio.swift in Sources */,
				DE52F2B42A33340400061411 /* Title.swift in Sources */,
				DE52F28F2A3333C600061411 /* AddWorkExperienceView.swift in Sources */,
				6C6985CE2A3464AE008E0C7D /* ModalWorkExperience.swift in Sources */,
				DE52F2C02A33340400061411 /* DataCard.swift in Sources */,
				DE52F2C62A33340400061411 /* CustomToolbar2.swift in Sources */,
				6CB48E132A360078001A61A6 /* OrganizationView.swift in Sources */,
				DE52F2882A3333C600061411 /* AQuestionView.swift in Sources */,
				DE52F28A2A3333C600061411 /* RQuestionView.swift in Sources */,
				6C6985D02A3464BA008E0C7D /* FirstStepView.swift in Sources */,
				6C6985D22A34652C008E0C7D /* Star.swift in Sources */,
				DE52F28E2A3333C600061411 /* SkillView.swift in Sources */,
				6CCD80BF2A3188C100D26574 /* ContentView.swift in Sources */,
				6CCD80D12A318BC900D26574 /* APIManager.swift in Sources */,
				23FCDF632A3462A900B62FED /* EducationCoreDataService.swift in Sources */,
				23FCDF6D2A34D8E900B62FED /* OrganizationCoreDataService.swift in Sources */,
				23FCDF342A323AD800B62FED /* RelevancyScoreModel.swift in Sources */,
				23FCDF712A34DB8200B62FED /* AchievementCoreDataService.swift in Sources */,
				6CD43BBA2A34B66C004DDCE4 /* AddAndDisplayItemsView.swift in Sources */,
				0613388A2A34437C00658211 /* ResumeDetailText.swift in Sources */,
				6C8E6DF52A35C79A0048C263 /* DocumentExporter.swift in Sources */,
				23FCDF2E2A31C01500B62FED /* OrganizationModel.swift in Sources */,
				6CCD80BD2A3188C100D26574 /* ResuMateApp.swift in Sources */,
				6C8E6DFD2A35CA090048C263 /* SaveResumeView.swift in Sources */,
				23FCDF302A32238500B62FED /* VolunteerModel.swift in Sources */,
				6CB48E1C2A360131001A61A6 /* Achievementt.swift in Sources */,
				23FCDF322A322F4900B62FED /* AchievementModel.swift in Sources */,
				DE52F2B32A33340400061411 /* CustomToolbarButton.swift in Sources */,
				DE52F2882A3333C600061411 /* AQuestionView.swift in Sources */,
				6CB48E152A360078001A61A6 /* VolunteeringView.swift in Sources */,
				DE52F28A2A3333C600061411 /* RQuestionView.swift in Sources */,
				DE52F28E2A3333C600061411 /* SkillView.swift in Sources */,
				6CCD80BF2A3188C100D26574 /* ContentView.swift in Sources */,
				6CB48E032A36000D001A61A6 /* Organize.swift in Sources */,
				DE52F2B32A33340400061411 /* CustomToolbarButton.swift in Sources */,
				061338822A34415000658211 /* FirstResume.swift in Sources */,
				DE52F2BD2A33340400061411 /* TitleToolbar.swift in Sources */,
				6CD43BB72A34AEF2004DDCE4 /* ItemCard.swift in Sources */,
				DE52F2BC2A33340400061411 /* EmptyResumeDataView.swift in Sources */,
				DE52F2872A3333C600061411 /* TQuestionView.swift in Sources */,
				6C983AF82A34DCC600CCAEFF /* PreviewResumeView.swift in Sources */,
				6C47D8BF2A3484ED002F1689 /* NavigationItem.swift in Sources */,
				DE52F28C2A3333C600061411 /* ResumeView.swift in Sources */,
				6CB48E182A360078001A61A6 /* ModalAchievement.swift in Sources */,
				6CB48E192A360078001A61A6 /* AchievementView.swift in Sources */,
				DE52F2CB2A33349000061411 /* ScoreStatusModel.swift in Sources */,
				DE52F2922A3333C600061411 /* AddEducationView.swift in Sources */,
				6CB48E162A360078001A61A6 /* ModalVolunteering.swift in Sources */,
				DE52F2B82A33340400061411 /* AdaptiveForm.swift in Sources */,
				DE52F2BE2A33340400061411 /* ProgressBar.swift in Sources */,
				DE52F2932A3333C600061411 /* SuggestionSheet.swift in Sources */,
				DE52F2C42A33340400061411 /* AtomicComponent.swift in Sources */,
				0613388E2A347F0C00658211 /* SecondResume.swift in Sources */,
				DE52F2902A3333C600061411 /* WorkExperienceView.swift in Sources */,
				DE52F2942A3333C600061411 /* PersonalDataView.swift in Sources */,
				DE52F2912A3333C600061411 /* EducationView.swift in Sources */,
				DE52F2C22A33340400061411 /* BigButton.swift in Sources */,
				DE52F2B52A33340400061411 /* GeneratePhrasesToolbar.swift in Sources */,
				6CB48E1A2A360078001A61A6 /* AddAchievement.swift in Sources */,
				23FCDF5D2A33814300B62FED /* Config.swift in Sources */,
				6C2B69E32A339B61006A571C /* EdgeBorder.swift in Sources */,
				DE52F28B2A3333C600061411 /* DataView.swift in Sources */,
				6CB48E122A360078001A61A6 /* AddOrganization.swift in Sources */,
				061338882A34436600658211 /* ResumeSubtitleText.swift in Sources */,
				DE52F2B62A33340400061411 /* CustomToolbar.swift in Sources */,
				DE52F2BB2A33340400061411 /* Subtitle.swift in Sources */,
				23FCDF672A34B7E000B62FED /* TestCoreDataView.swift in Sources */,
				DE52F28D2A3333C600061411 /* HomeView.swift in Sources */,
				DE52F2892A3333C600061411 /* SQuestionView.swift in Sources */,
				6CB48DFF2A35FFF0001A61A6 /* Volunteering.swift in Sources */,
				DE52F2CB2A33349000061411 /* ScoreStatusModel.swift in Sources */,
				DE52F2922A3333C600061411 /* AddEducationView.swift in Sources */,
				DE52F2B82A33340400061411 /* AdaptiveForm.swift in Sources */,
				DE52F2BE2A33340400061411 /* ProgressBar.swift in Sources */,
				DE52F2932A3333C600061411 /* SelectItemSheet.swift in Sources */,
				DE52F2C42A33340400061411 /* AtomicComponent.swift in Sources */,
				6C47D8BE2A3484ED002F1689 /* Menu.swift in Sources */,
				DE52F2902A3333C600061411 /* WorkExperienceView.swift in Sources */,
				DE52F2942A3333C600061411 /* PersonalDataView.swift in Sources */,
				6CB48E172A360078001A61A6 /* AddVolunteering.swift in Sources */,
				DE52F2912A3333C600061411 /* EducationView.swift in Sources */,
				DE52F2C22A33340400061411 /* BigButton.swift in Sources */,
				DE52F2B52A33340400061411 /* GeneratePhrasesToolbar.swift in Sources */,
				DE52F28B2A3333C600061411 /* DataView.swift in Sources */,
				6CD43BB52A34ACDD004DDCE4 /* AddItemHeaderView.swift in Sources */,
				061338882A34436600658211 /* ResumeSubtitleText.swift in Sources */,
				DE52F2B62A33340400061411 /* CustomToolbar.swift in Sources */,
				6C8847862A34BC5B008FB2BC /* TagCard.swift in Sources */,
				DE52F2BB2A33340400061411 /* Subtitle.swift in Sources */,
				6CB48E012A35FFFD001A61A6 /* WorkExp.swift in Sources */,
				DE52F28D2A3333C600061411 /* HomeView.swift in Sources */,
				6CB48E052A360053001A61A6 /* ModalEducation.swift in Sources */,
				DE52F2892A3333C600061411 /* SQuestionView.swift in Sources */,
				DE52F2B12A33340400061411 /* DateForm.swift in Sources */,
				DE52F2BF2A33340400061411 /* TagForm.swift in Sources */,
				DE52F2892A3333C600061411 /* SQuestionView.swift in Sources */,
				23FCDF732A34DD9300B62FED /* BiodataCoreDataService.swift in Sources */,
				DE52F2B12A33340400061411 /* DateForm.swift in Sources */,
				DE52F2BF2A33340400061411 /* TagForm.swift in Sources */,
				23FCDF6B2A34D5B900B62FED /* WorkExperienceCoreDataService.swift in Sources */,
				6C7336FC2A338656006EF850 /* FirstStepSubView.swift in Sources */,
				061338862A34434600658211 /* ResumeTitleText.swift in Sources */,
				6C09FB172A343E4B003E11D5 /* CreateResumeView.swift in Sources */,
				6CCD80BD2A3188C100D26574 /* ResuMateApp.swift in Sources */,
				DE52F2C12A33340400061411 /* Loading.swift in Sources */,
				DE52F2C12A33340400061411 /* Loading.swift in Sources */,
				DE52F2B22A33340400061411 /* BigForm.swift in Sources */,
				6C97FA7D2A339A4000BB4715 /* Extensions.swift in Sources */,
				DE52F2B72A33340400061411 /* InfoCard.swift in Sources */,
				DE52F2CC2A33349000061411 /* TagModel.swift in Sources */,
				061338842A34431600658211 /* JustifiedText.swift in Sources */,
				DE52F2C52A33340400061411 /* GeneratePhrasesForm.swift in Sources */,
				6CCD80C92A3188C200D26574 /* ResuMate.xcdatamodeld in Sources */,
				6CB48E1E2A360212001A61A6 /* Educationn.swift in Sources */,
				23FCDF2A2A31AED200B62FED /* EducationModel.swift in Sources */,
				23FCDF762A34F7EC00B62FED /* ResumeCoreDataService.swift in Sources */,
				23FCDF2C2A31BC6800B62FED /* WorkExperienceModel.swift in Sources */,
				6CCD80D32A318EF100D26574 /* ChatGptService.swift in Sources */,
			);
			runOnlyForDeploymentPostprocessing = 0;
		};
/* End PBXSourcesBuildPhase section */

/* Begin XCBuildConfiguration section */
		6CCD80CA2A3188C200D26574 /* Debug */ = {
			isa = XCBuildConfiguration;
			buildSettings = {
				ALWAYS_SEARCH_USER_PATHS = NO;
				CLANG_ANALYZER_NONNULL = YES;
				CLANG_ANALYZER_NUMBER_OBJECT_CONVERSION = YES_AGGRESSIVE;
				CLANG_CXX_LANGUAGE_STANDARD = "gnu++20";
				CLANG_ENABLE_MODULES = YES;
				CLANG_ENABLE_OBJC_ARC = YES;
				CLANG_ENABLE_OBJC_WEAK = YES;
				CLANG_WARN_BLOCK_CAPTURE_AUTORELEASING = YES;
				CLANG_WARN_BOOL_CONVERSION = YES;
				CLANG_WARN_COMMA = YES;
				CLANG_WARN_CONSTANT_CONVERSION = YES;
				CLANG_WARN_DEPRECATED_OBJC_IMPLEMENTATIONS = YES;
				CLANG_WARN_DIRECT_OBJC_ISA_USAGE = YES_ERROR;
				CLANG_WARN_DOCUMENTATION_COMMENTS = YES;
				CLANG_WARN_EMPTY_BODY = YES;
				CLANG_WARN_ENUM_CONVERSION = YES;
				CLANG_WARN_INFINITE_RECURSION = YES;
				CLANG_WARN_INT_CONVERSION = YES;
				CLANG_WARN_NON_LITERAL_NULL_CONVERSION = YES;
				CLANG_WARN_OBJC_IMPLICIT_RETAIN_SELF = YES;
				CLANG_WARN_OBJC_LITERAL_CONVERSION = YES;
				CLANG_WARN_OBJC_ROOT_CLASS = YES_ERROR;
				CLANG_WARN_QUOTED_INCLUDE_IN_FRAMEWORK_HEADER = YES;
				CLANG_WARN_RANGE_LOOP_ANALYSIS = YES;
				CLANG_WARN_STRICT_PROTOTYPES = YES;
				CLANG_WARN_SUSPICIOUS_MOVE = YES;
				CLANG_WARN_UNGUARDED_AVAILABILITY = YES_AGGRESSIVE;
				CLANG_WARN_UNREACHABLE_CODE = YES;
				CLANG_WARN__DUPLICATE_METHOD_MATCH = YES;
				COPY_PHASE_STRIP = NO;
				DEBUG_INFORMATION_FORMAT = dwarf;
				ENABLE_STRICT_OBJC_MSGSEND = YES;
				ENABLE_TESTABILITY = YES;
				GCC_C_LANGUAGE_STANDARD = gnu11;
				GCC_DYNAMIC_NO_PIC = NO;
				GCC_NO_COMMON_BLOCKS = YES;
				GCC_OPTIMIZATION_LEVEL = 0;
				GCC_PREPROCESSOR_DEFINITIONS = (
					"DEBUG=1",
					"$(inherited)",
				);
				GCC_WARN_64_TO_32_BIT_CONVERSION = YES;
				GCC_WARN_ABOUT_RETURN_TYPE = YES_ERROR;
				GCC_WARN_UNDECLARED_SELECTOR = YES;
				GCC_WARN_UNINITIALIZED_AUTOS = YES_AGGRESSIVE;
				GCC_WARN_UNUSED_FUNCTION = YES;
				GCC_WARN_UNUSED_VARIABLE = YES;
				IPHONEOS_DEPLOYMENT_TARGET = 16.4;
				MTL_ENABLE_DEBUG_INFO = INCLUDE_SOURCE;
				MTL_FAST_MATH = YES;
				ONLY_ACTIVE_ARCH = YES;
				SDKROOT = iphoneos;
				SWIFT_ACTIVE_COMPILATION_CONDITIONS = DEBUG;
				SWIFT_OPTIMIZATION_LEVEL = "-Onone";
			};
			name = Debug;
		};
		6CCD80CB2A3188C200D26574 /* Release */ = {
			isa = XCBuildConfiguration;
			buildSettings = {
				ALWAYS_SEARCH_USER_PATHS = NO;
				CLANG_ANALYZER_NONNULL = YES;
				CLANG_ANALYZER_NUMBER_OBJECT_CONVERSION = YES_AGGRESSIVE;
				CLANG_CXX_LANGUAGE_STANDARD = "gnu++20";
				CLANG_ENABLE_MODULES = YES;
				CLANG_ENABLE_OBJC_ARC = YES;
				CLANG_ENABLE_OBJC_WEAK = YES;
				CLANG_WARN_BLOCK_CAPTURE_AUTORELEASING = YES;
				CLANG_WARN_BOOL_CONVERSION = YES;
				CLANG_WARN_COMMA = YES;
				CLANG_WARN_CONSTANT_CONVERSION = YES;
				CLANG_WARN_DEPRECATED_OBJC_IMPLEMENTATIONS = YES;
				CLANG_WARN_DIRECT_OBJC_ISA_USAGE = YES_ERROR;
				CLANG_WARN_DOCUMENTATION_COMMENTS = YES;
				CLANG_WARN_EMPTY_BODY = YES;
				CLANG_WARN_ENUM_CONVERSION = YES;
				CLANG_WARN_INFINITE_RECURSION = YES;
				CLANG_WARN_INT_CONVERSION = YES;
				CLANG_WARN_NON_LITERAL_NULL_CONVERSION = YES;
				CLANG_WARN_OBJC_IMPLICIT_RETAIN_SELF = YES;
				CLANG_WARN_OBJC_LITERAL_CONVERSION = YES;
				CLANG_WARN_OBJC_ROOT_CLASS = YES_ERROR;
				CLANG_WARN_QUOTED_INCLUDE_IN_FRAMEWORK_HEADER = YES;
				CLANG_WARN_RANGE_LOOP_ANALYSIS = YES;
				CLANG_WARN_STRICT_PROTOTYPES = YES;
				CLANG_WARN_SUSPICIOUS_MOVE = YES;
				CLANG_WARN_UNGUARDED_AVAILABILITY = YES_AGGRESSIVE;
				CLANG_WARN_UNREACHABLE_CODE = YES;
				CLANG_WARN__DUPLICATE_METHOD_MATCH = YES;
				COPY_PHASE_STRIP = NO;
				DEBUG_INFORMATION_FORMAT = "dwarf-with-dsym";
				ENABLE_NS_ASSERTIONS = NO;
				ENABLE_STRICT_OBJC_MSGSEND = YES;
				GCC_C_LANGUAGE_STANDARD = gnu11;
				GCC_NO_COMMON_BLOCKS = YES;
				GCC_WARN_64_TO_32_BIT_CONVERSION = YES;
				GCC_WARN_ABOUT_RETURN_TYPE = YES_ERROR;
				GCC_WARN_UNDECLARED_SELECTOR = YES;
				GCC_WARN_UNINITIALIZED_AUTOS = YES_AGGRESSIVE;
				GCC_WARN_UNUSED_FUNCTION = YES;
				GCC_WARN_UNUSED_VARIABLE = YES;
				IPHONEOS_DEPLOYMENT_TARGET = 16.4;
				MTL_ENABLE_DEBUG_INFO = NO;
				MTL_FAST_MATH = YES;
				SDKROOT = iphoneos;
				SWIFT_COMPILATION_MODE = wholemodule;
				SWIFT_OPTIMIZATION_LEVEL = "-O";
				VALIDATE_PRODUCT = YES;
			};
			name = Release;
		};
		6CCD80CD2A3188C200D26574 /* Debug */ = {
			isa = XCBuildConfiguration;
			buildSettings = {
				ASSETCATALOG_COMPILER_APPICON_NAME = AppIcon;
				ASSETCATALOG_COMPILER_GLOBAL_ACCENT_COLOR_NAME = AccentColor;
				CODE_SIGN_STYLE = Automatic;
				CURRENT_PROJECT_VERSION = 1;
				DEVELOPMENT_ASSET_PATHS = "\"ResuMate/Preview Content\"";
				DEVELOPMENT_TEAM = 57DDT5D7L5;
				ENABLE_PREVIEWS = YES;
				GENERATE_INFOPLIST_FILE = YES;
				INFOPLIST_KEY_LSApplicationCategoryType = "";
				INFOPLIST_KEY_NSDocumentsFolderUsageDescription = "Allow access to save resume";
				INFOPLIST_KEY_UIApplicationSceneManifest_Generation = YES;
				INFOPLIST_KEY_UIApplicationSupportsIndirectInputEvents = YES;
				INFOPLIST_KEY_UILaunchScreen_Generation = YES;
				INFOPLIST_KEY_UISupportedInterfaceOrientations = UIInterfaceOrientationPortrait;
				INFOPLIST_KEY_UISupportedInterfaceOrientations_iPad = "UIInterfaceOrientationPortrait UIInterfaceOrientationPortraitUpsideDown";
				LD_RUNPATH_SEARCH_PATHS = (
					"$(inherited)",
					"@executable_path/Frameworks",
				);
				MARKETING_VERSION = 1.0;
				PRODUCT_BUNDLE_IDENTIFIER = com.fleya.ResuMate;
				PRODUCT_NAME = "$(TARGET_NAME)";
				SWIFT_EMIT_LOC_STRINGS = YES;
				SWIFT_VERSION = 5.0;
				TARGETED_DEVICE_FAMILY = "1,2";
			};
			name = Debug;
		};
		6CCD80CE2A3188C200D26574 /* Release */ = {
			isa = XCBuildConfiguration;
			buildSettings = {
				ASSETCATALOG_COMPILER_APPICON_NAME = AppIcon;
				ASSETCATALOG_COMPILER_GLOBAL_ACCENT_COLOR_NAME = AccentColor;
				CODE_SIGN_STYLE = Automatic;
				CURRENT_PROJECT_VERSION = 1;
				DEVELOPMENT_ASSET_PATHS = "\"ResuMate/Preview Content\"";
				DEVELOPMENT_TEAM = 57DDT5D7L5;
				ENABLE_PREVIEWS = YES;
				GENERATE_INFOPLIST_FILE = YES;
				INFOPLIST_KEY_LSApplicationCategoryType = "";
				INFOPLIST_KEY_NSDocumentsFolderUsageDescription = "Allow access to save resume";
				INFOPLIST_KEY_UIApplicationSceneManifest_Generation = YES;
				INFOPLIST_KEY_UIApplicationSupportsIndirectInputEvents = YES;
				INFOPLIST_KEY_UILaunchScreen_Generation = YES;
				INFOPLIST_KEY_UISupportedInterfaceOrientations = UIInterfaceOrientationPortrait;
				INFOPLIST_KEY_UISupportedInterfaceOrientations_iPad = "UIInterfaceOrientationPortrait UIInterfaceOrientationPortraitUpsideDown";
				LD_RUNPATH_SEARCH_PATHS = (
					"$(inherited)",
					"@executable_path/Frameworks",
				);
				MARKETING_VERSION = 1.0;
				PRODUCT_BUNDLE_IDENTIFIER = com.fleya.ResuMate;
				PRODUCT_NAME = "$(TARGET_NAME)";
				SWIFT_EMIT_LOC_STRINGS = YES;
				SWIFT_VERSION = 5.0;
				TARGETED_DEVICE_FAMILY = "1,2";
			};
			name = Release;
		};
/* End XCBuildConfiguration section */

/* Begin XCConfigurationList section */
		6CCD80B42A3188C100D26574 /* Build configuration list for PBXProject "ResuMate" */ = {
			isa = XCConfigurationList;
			buildConfigurations = (
				6CCD80CA2A3188C200D26574 /* Debug */,
				6CCD80CB2A3188C200D26574 /* Release */,
			);
			defaultConfigurationIsVisible = 0;
			defaultConfigurationName = Release;
		};
		6CCD80CC2A3188C200D26574 /* Build configuration list for PBXNativeTarget "ResuMate" */ = {
			isa = XCConfigurationList;
			buildConfigurations = (
				6CCD80CD2A3188C200D26574 /* Debug */,
				6CCD80CE2A3188C200D26574 /* Release */,
			);
			defaultConfigurationIsVisible = 0;
			defaultConfigurationName = Release;
		};
/* End XCConfigurationList section */

/* Begin XCVersionGroup section */
		6CCD80C72A3188C200D26574 /* ResuMate.xcdatamodeld */ = {
			isa = XCVersionGroup;
			children = (
				6CCD80C82A3188C200D26574 /* ResuMate.xcdatamodel */,
			);
			currentVersion = 6CCD80C82A3188C200D26574 /* ResuMate.xcdatamodel */;
			path = ResuMate.xcdatamodeld;
			sourceTree = "<group>";
			versionGroupType = wrapper.xcdatamodel;
		};
/* End XCVersionGroup section */
	};
	rootObject = 6CCD80B12A3188C100D26574 /* Project object */;
}
