// !$*UTF8*$!
{
	archiveVersion = 1;
	classes = {
	};
	objectVersion = 56;
	objects = {

/* Begin PBXBuildFile section */
		23FCDF242A31963E00B62FED /* BiodataModel.swift in Sources */ = {isa = PBXBuildFile; fileRef = 23FCDF232A31963E00B62FED /* BiodataModel.swift */; };
		23FCDF282A31A8B300B62FED /* DocumentConverterView.swift in Sources */ = {isa = PBXBuildFile; fileRef = 23FCDF272A31A8B300B62FED /* DocumentConverterView.swift */; };
		23FCDF2A2A31AED200B62FED /* EducationModel.swift in Sources */ = {isa = PBXBuildFile; fileRef = 23FCDF292A31AED200B62FED /* EducationModel.swift */; };
		23FCDF2C2A31BC6800B62FED /* WorkExperienceModel.swift in Sources */ = {isa = PBXBuildFile; fileRef = 23FCDF2B2A31BC6800B62FED /* WorkExperienceModel.swift */; };
		23FCDF2E2A31C01500B62FED /* OrganizationModel.swift in Sources */ = {isa = PBXBuildFile; fileRef = 23FCDF2D2A31C01500B62FED /* OrganizationModel.swift */; };
		23FCDF302A32238500B62FED /* VolunteerModel.swift in Sources */ = {isa = PBXBuildFile; fileRef = 23FCDF2F2A32238500B62FED /* VolunteerModel.swift */; };
		23FCDF322A322F4900B62FED /* AchievementModel.swift in Sources */ = {isa = PBXBuildFile; fileRef = 23FCDF312A322F4900B62FED /* AchievementModel.swift */; };
		23FCDF342A323AD800B62FED /* RelevancyScoreModel.swift in Sources */ = {isa = PBXBuildFile; fileRef = 23FCDF332A323AD800B62FED /* RelevancyScoreModel.swift */; };
		23FCDF562A32E5D100B62FED /* ResumeViewModel.swift in Sources */ = {isa = PBXBuildFile; fileRef = 23FCDF552A32E5D100B62FED /* ResumeViewModel.swift */; };
		23FCDF582A33103900B62FED /* UploadResumeView.swift in Sources */ = {isa = PBXBuildFile; fileRef = 23FCDF572A33103900B62FED /* UploadResumeView.swift */; };
		23FCDF5D2A33814300B62FED /* Config.swift in Sources */ = {isa = PBXBuildFile; fileRef = 23FCDF5C2A33814300B62FED /* Config.swift */; };
		6CCD80BD2A3188C100D26574 /* ResuMateApp.swift in Sources */ = {isa = PBXBuildFile; fileRef = 6CCD80BC2A3188C100D26574 /* ResuMateApp.swift */; };
		6CCD80BF2A3188C100D26574 /* ContentView.swift in Sources */ = {isa = PBXBuildFile; fileRef = 6CCD80BE2A3188C100D26574 /* ContentView.swift */; };
		6CCD80C12A3188C200D26574 /* Assets.xcassets in Resources */ = {isa = PBXBuildFile; fileRef = 6CCD80C02A3188C200D26574 /* Assets.xcassets */; };
		6CCD80C42A3188C200D26574 /* Preview Assets.xcassets in Resources */ = {isa = PBXBuildFile; fileRef = 6CCD80C32A3188C200D26574 /* Preview Assets.xcassets */; };
		6CCD80C62A3188C200D26574 /* Persistence.swift in Sources */ = {isa = PBXBuildFile; fileRef = 6CCD80C52A3188C200D26574 /* Persistence.swift */; };
		6CCD80C92A3188C200D26574 /* ResuMate.xcdatamodeld in Sources */ = {isa = PBXBuildFile; fileRef = 6CCD80C72A3188C200D26574 /* ResuMate.xcdatamodeld */; };
		6CCD80D12A318BC900D26574 /* APIManager.swift in Sources */ = {isa = PBXBuildFile; fileRef = 6CCD80D02A318BC900D26574 /* APIManager.swift */; };
		6CCD80D32A318EF100D26574 /* ChatGptService.swift in Sources */ = {isa = PBXBuildFile; fileRef = 6CCD80D22A318EF100D26574 /* ChatGptService.swift */; };
		6CCD80D52A31A8B200D26574 /* SuggestionModel.swift in Sources */ = {isa = PBXBuildFile; fileRef = 6CCD80D42A31A8B200D26574 /* SuggestionModel.swift */; };
		DE52F2862A3333C600061411 /* GeneratePhrases.swift in Sources */ = {isa = PBXBuildFile; fileRef = DE52F2722A3333C600061411 /* GeneratePhrases.swift */; };
		DE52F2872A3333C600061411 /* TQuestion.swift in Sources */ = {isa = PBXBuildFile; fileRef = DE52F2732A3333C600061411 /* TQuestion.swift */; };
		DE52F2882A3333C600061411 /* AQuestion.swift in Sources */ = {isa = PBXBuildFile; fileRef = DE52F2742A3333C600061411 /* AQuestion.swift */; };
		DE52F2892A3333C600061411 /* SQuestion.swift in Sources */ = {isa = PBXBuildFile; fileRef = DE52F2752A3333C600061411 /* SQuestion.swift */; };
		DE52F28A2A3333C600061411 /* RQuestion.swift in Sources */ = {isa = PBXBuildFile; fileRef = DE52F2762A3333C600061411 /* RQuestion.swift */; };
		DE52F28B2A3333C600061411 /* DataView.swift in Sources */ = {isa = PBXBuildFile; fileRef = DE52F2782A3333C600061411 /* DataView.swift */; };
		DE52F28C2A3333C600061411 /* ResumeView.swift in Sources */ = {isa = PBXBuildFile; fileRef = DE52F2792A3333C600061411 /* ResumeView.swift */; };
		DE52F28D2A3333C600061411 /* HomePage.swift in Sources */ = {isa = PBXBuildFile; fileRef = DE52F27A2A3333C600061411 /* HomePage.swift */; };
		DE52F28E2A3333C600061411 /* Skill.swift in Sources */ = {isa = PBXBuildFile; fileRef = DE52F27C2A3333C600061411 /* Skill.swift */; };
		DE52F28F2A3333C600061411 /* AddWorkExp.swift in Sources */ = {isa = PBXBuildFile; fileRef = DE52F27E2A3333C600061411 /* AddWorkExp.swift */; };
		DE52F2902A3333C600061411 /* WorkExperience.swift in Sources */ = {isa = PBXBuildFile; fileRef = DE52F27F2A3333C600061411 /* WorkExperience.swift */; };
		DE52F2912A3333C600061411 /* EducationalBackground.swift in Sources */ = {isa = PBXBuildFile; fileRef = DE52F2812A3333C600061411 /* EducationalBackground.swift */; };
		DE52F2922A3333C600061411 /* AddEducation.swift in Sources */ = {isa = PBXBuildFile; fileRef = DE52F2822A3333C600061411 /* AddEducation.swift */; };
		DE52F2932A3333C600061411 /* ModalPersonalData.swift in Sources */ = {isa = PBXBuildFile; fileRef = DE52F2842A3333C600061411 /* ModalPersonalData.swift */; };
		DE52F2942A3333C600061411 /* PersonalData.swift in Sources */ = {isa = PBXBuildFile; fileRef = DE52F2852A3333C600061411 /* PersonalData.swift */; };
		DE52F2982A3333E300061411 /* TextStyle.swift in Sources */ = {isa = PBXBuildFile; fileRef = DE52F2962A3333E300061411 /* TextStyle.swift */; };
		DE52F2992A3333E300061411 /* Color.swift in Sources */ = {isa = PBXBuildFile; fileRef = DE52F2972A3333E300061411 /* Color.swift */; };
		DE52F2B12A33340400061411 /* DateForm.swift in Sources */ = {isa = PBXBuildFile; fileRef = DE52F29B2A33340400061411 /* DateForm.swift */; };
		DE52F2B22A33340400061411 /* BigForm.swift in Sources */ = {isa = PBXBuildFile; fileRef = DE52F29C2A33340400061411 /* BigForm.swift */; };
		DE52F2B32A33340400061411 /* CustomToolbarButton.swift in Sources */ = {isa = PBXBuildFile; fileRef = DE52F29D2A33340400061411 /* CustomToolbarButton.swift */; };
		DE52F2B42A33340400061411 /* TitleView.swift in Sources */ = {isa = PBXBuildFile; fileRef = DE52F29E2A33340400061411 /* TitleView.swift */; };
		DE52F2B52A33340400061411 /* GeneratePhrasesToolbar.swift in Sources */ = {isa = PBXBuildFile; fileRef = DE52F29F2A33340400061411 /* GeneratePhrasesToolbar.swift */; };
		DE52F2B62A33340400061411 /* CustomToolbar.swift in Sources */ = {isa = PBXBuildFile; fileRef = DE52F2A02A33340400061411 /* CustomToolbar.swift */; };
		DE52F2B72A33340400061411 /* InfoBoxGeneratePhrases.swift in Sources */ = {isa = PBXBuildFile; fileRef = DE52F2A12A33340400061411 /* InfoBoxGeneratePhrases.swift */; };
		DE52F2B82A33340400061411 /* AdaptiveForm.swift in Sources */ = {isa = PBXBuildFile; fileRef = DE52F2A22A33340400061411 /* AdaptiveForm.swift */; };
		DE52F2B92A33340400061411 /* BasedForm.swift in Sources */ = {isa = PBXBuildFile; fileRef = DE52F2A32A33340400061411 /* BasedForm.swift */; };
		DE52F2BA2A33340400061411 /* OnboardingButton.swift in Sources */ = {isa = PBXBuildFile; fileRef = DE52F2A42A33340400061411 /* OnboardingButton.swift */; };
		DE52F2BB2A33340400061411 /* SubtitleView.swift in Sources */ = {isa = PBXBuildFile; fileRef = DE52F2A52A33340400061411 /* SubtitleView.swift */; };
		DE52F2BC2A33340400061411 /* EmptyResumeData.swift in Sources */ = {isa = PBXBuildFile; fileRef = DE52F2A62A33340400061411 /* EmptyResumeData.swift */; };
		DE52F2BD2A33340400061411 /* TitleToolbar.swift in Sources */ = {isa = PBXBuildFile; fileRef = DE52F2A72A33340400061411 /* TitleToolbar.swift */; };
		DE52F2BE2A33340400061411 /* ProgressBar.swift in Sources */ = {isa = PBXBuildFile; fileRef = DE52F2A82A33340400061411 /* ProgressBar.swift */; };
		DE52F2BF2A33340400061411 /* InputTag.swift in Sources */ = {isa = PBXBuildFile; fileRef = DE52F2A92A33340400061411 /* InputTag.swift */; };
		DE52F2C02A33340400061411 /* CardList.swift in Sources */ = {isa = PBXBuildFile; fileRef = DE52F2AA2A33340400061411 /* CardList.swift */; };
		DE52F2C12A33340400061411 /* LoadingScreen.swift in Sources */ = {isa = PBXBuildFile; fileRef = DE52F2AB2A33340400061411 /* LoadingScreen.swift */; };
		DE52F2C22A33340400061411 /* BigButton.swift in Sources */ = {isa = PBXBuildFile; fileRef = DE52F2AC2A33340400061411 /* BigButton.swift */; };
		DE52F2C32A33340400061411 /* SmallButton.swift in Sources */ = {isa = PBXBuildFile; fileRef = DE52F2AD2A33340400061411 /* SmallButton.swift */; };
		DE52F2C42A33340400061411 /* AtomicComponent.swift in Sources */ = {isa = PBXBuildFile; fileRef = DE52F2AE2A33340400061411 /* AtomicComponent.swift */; };
		DE52F2C52A33340400061411 /* GeneratePhrasesForm.swift in Sources */ = {isa = PBXBuildFile; fileRef = DE52F2AF2A33340400061411 /* GeneratePhrasesForm.swift */; };
		DE52F2C62A33340400061411 /* CustomToolbar2.swift in Sources */ = {isa = PBXBuildFile; fileRef = DE52F2B02A33340400061411 /* CustomToolbar2.swift */; };
		DE52F2CB2A33349000061411 /* ScoreStatus.swift in Sources */ = {isa = PBXBuildFile; fileRef = DE52F2C82A33349000061411 /* ScoreStatus.swift */; };
		DE52F2CC2A33349000061411 /* Tag.swift in Sources */ = {isa = PBXBuildFile; fileRef = DE52F2C92A33349000061411 /* Tag.swift */; };
		DE52F2CD2A33349000061411 /* Job.swift in Sources */ = {isa = PBXBuildFile; fileRef = DE52F2CA2A33349000061411 /* Job.swift */; };
/* End PBXBuildFile section */

/* Begin PBXFileReference section */
		23FCDF232A31963E00B62FED /* BiodataModel.swift */ = {isa = PBXFileReference; lastKnownFileType = sourcecode.swift; path = BiodataModel.swift; sourceTree = "<group>"; };
		23FCDF272A31A8B300B62FED /* DocumentConverterView.swift */ = {isa = PBXFileReference; lastKnownFileType = sourcecode.swift; path = DocumentConverterView.swift; sourceTree = "<group>"; };
		23FCDF292A31AED200B62FED /* EducationModel.swift */ = {isa = PBXFileReference; lastKnownFileType = sourcecode.swift; path = EducationModel.swift; sourceTree = "<group>"; };
		23FCDF2B2A31BC6800B62FED /* WorkExperienceModel.swift */ = {isa = PBXFileReference; lastKnownFileType = sourcecode.swift; path = WorkExperienceModel.swift; sourceTree = "<group>"; };
		23FCDF2D2A31C01500B62FED /* OrganizationModel.swift */ = {isa = PBXFileReference; lastKnownFileType = sourcecode.swift; path = OrganizationModel.swift; sourceTree = "<group>"; };
		23FCDF2F2A32238500B62FED /* VolunteerModel.swift */ = {isa = PBXFileReference; lastKnownFileType = sourcecode.swift; path = VolunteerModel.swift; sourceTree = "<group>"; };
		23FCDF312A322F4900B62FED /* AchievementModel.swift */ = {isa = PBXFileReference; lastKnownFileType = sourcecode.swift; path = AchievementModel.swift; sourceTree = "<group>"; };
		23FCDF332A323AD800B62FED /* RelevancyScoreModel.swift */ = {isa = PBXFileReference; fileEncoding = 4; lastKnownFileType = sourcecode.swift; path = RelevancyScoreModel.swift; sourceTree = "<group>"; };
		23FCDF552A32E5D100B62FED /* ResumeViewModel.swift */ = {isa = PBXFileReference; lastKnownFileType = sourcecode.swift; path = ResumeViewModel.swift; sourceTree = "<group>"; };
		23FCDF572A33103900B62FED /* UploadResumeView.swift */ = {isa = PBXFileReference; lastKnownFileType = sourcecode.swift; path = UploadResumeView.swift; sourceTree = "<group>"; };
		23FCDF592A33147900B62FED /* Config.plist */ = {isa = PBXFileReference; fileEncoding = 4; lastKnownFileType = text.plist.xml; path = Config.plist; sourceTree = "<group>"; };
		23FCDF5C2A33814300B62FED /* Config.swift */ = {isa = PBXFileReference; fileEncoding = 4; lastKnownFileType = sourcecode.swift; path = Config.swift; sourceTree = "<group>"; };
		6CCD80B92A3188C100D26574 /* ResuMate.app */ = {isa = PBXFileReference; explicitFileType = wrapper.application; includeInIndex = 0; path = ResuMate.app; sourceTree = BUILT_PRODUCTS_DIR; };
		6CCD80BC2A3188C100D26574 /* ResuMateApp.swift */ = {isa = PBXFileReference; lastKnownFileType = sourcecode.swift; path = ResuMateApp.swift; sourceTree = "<group>"; };
		6CCD80BE2A3188C100D26574 /* ContentView.swift */ = {isa = PBXFileReference; lastKnownFileType = sourcecode.swift; path = ContentView.swift; sourceTree = "<group>"; };
		6CCD80C02A3188C200D26574 /* Assets.xcassets */ = {isa = PBXFileReference; lastKnownFileType = folder.assetcatalog; path = Assets.xcassets; sourceTree = "<group>"; };
		6CCD80C32A3188C200D26574 /* Preview Assets.xcassets */ = {isa = PBXFileReference; lastKnownFileType = folder.assetcatalog; path = "Preview Assets.xcassets"; sourceTree = "<group>"; };
		6CCD80C52A3188C200D26574 /* Persistence.swift */ = {isa = PBXFileReference; lastKnownFileType = sourcecode.swift; path = Persistence.swift; sourceTree = "<group>"; };
		6CCD80C82A3188C200D26574 /* ResuMate.xcdatamodel */ = {isa = PBXFileReference; lastKnownFileType = wrapper.xcdatamodel; path = ResuMate.xcdatamodel; sourceTree = "<group>"; };
		6CCD80D02A318BC900D26574 /* APIManager.swift */ = {isa = PBXFileReference; lastKnownFileType = sourcecode.swift; path = APIManager.swift; sourceTree = "<group>"; };
		6CCD80D22A318EF100D26574 /* ChatGptService.swift */ = {isa = PBXFileReference; lastKnownFileType = sourcecode.swift; path = ChatGptService.swift; sourceTree = "<group>"; };
		6CCD80D42A31A8B200D26574 /* SuggestionModel.swift */ = {isa = PBXFileReference; lastKnownFileType = sourcecode.swift; path = SuggestionModel.swift; sourceTree = "<group>"; };
		DE52F2722A3333C600061411 /* GeneratePhrases.swift */ = {isa = PBXFileReference; fileEncoding = 4; lastKnownFileType = sourcecode.swift; path = GeneratePhrases.swift; sourceTree = "<group>"; };
		DE52F2732A3333C600061411 /* TQuestion.swift */ = {isa = PBXFileReference; fileEncoding = 4; lastKnownFileType = sourcecode.swift; path = TQuestion.swift; sourceTree = "<group>"; };
		DE52F2742A3333C600061411 /* AQuestion.swift */ = {isa = PBXFileReference; fileEncoding = 4; lastKnownFileType = sourcecode.swift; path = AQuestion.swift; sourceTree = "<group>"; };
		DE52F2752A3333C600061411 /* SQuestion.swift */ = {isa = PBXFileReference; fileEncoding = 4; lastKnownFileType = sourcecode.swift; path = SQuestion.swift; sourceTree = "<group>"; };
		DE52F2762A3333C600061411 /* RQuestion.swift */ = {isa = PBXFileReference; fileEncoding = 4; lastKnownFileType = sourcecode.swift; path = RQuestion.swift; sourceTree = "<group>"; };
		DE52F2782A3333C600061411 /* DataView.swift */ = {isa = PBXFileReference; fileEncoding = 4; lastKnownFileType = sourcecode.swift; path = DataView.swift; sourceTree = "<group>"; };
		DE52F2792A3333C600061411 /* ResumeView.swift */ = {isa = PBXFileReference; fileEncoding = 4; lastKnownFileType = sourcecode.swift; path = ResumeView.swift; sourceTree = "<group>"; };
		DE52F27A2A3333C600061411 /* HomePage.swift */ = {isa = PBXFileReference; fileEncoding = 4; lastKnownFileType = sourcecode.swift; path = HomePage.swift; sourceTree = "<group>"; };
		DE52F27C2A3333C600061411 /* Skill.swift */ = {isa = PBXFileReference; fileEncoding = 4; lastKnownFileType = sourcecode.swift; path = Skill.swift; sourceTree = "<group>"; };
		DE52F27E2A3333C600061411 /* AddWorkExp.swift */ = {isa = PBXFileReference; fileEncoding = 4; lastKnownFileType = sourcecode.swift; path = AddWorkExp.swift; sourceTree = "<group>"; };
		DE52F27F2A3333C600061411 /* WorkExperience.swift */ = {isa = PBXFileReference; fileEncoding = 4; lastKnownFileType = sourcecode.swift; path = WorkExperience.swift; sourceTree = "<group>"; };
		DE52F2812A3333C600061411 /* EducationalBackground.swift */ = {isa = PBXFileReference; fileEncoding = 4; lastKnownFileType = sourcecode.swift; path = EducationalBackground.swift; sourceTree = "<group>"; };
		DE52F2822A3333C600061411 /* AddEducation.swift */ = {isa = PBXFileReference; fileEncoding = 4; lastKnownFileType = sourcecode.swift; path = AddEducation.swift; sourceTree = "<group>"; };
		DE52F2842A3333C600061411 /* ModalPersonalData.swift */ = {isa = PBXFileReference; fileEncoding = 4; lastKnownFileType = sourcecode.swift; path = ModalPersonalData.swift; sourceTree = "<group>"; };
		DE52F2852A3333C600061411 /* PersonalData.swift */ = {isa = PBXFileReference; fileEncoding = 4; lastKnownFileType = sourcecode.swift; path = PersonalData.swift; sourceTree = "<group>"; };
		DE52F2962A3333E300061411 /* TextStyle.swift */ = {isa = PBXFileReference; fileEncoding = 4; lastKnownFileType = sourcecode.swift; path = TextStyle.swift; sourceTree = "<group>"; };
		DE52F2972A3333E300061411 /* Color.swift */ = {isa = PBXFileReference; fileEncoding = 4; lastKnownFileType = sourcecode.swift; path = Color.swift; sourceTree = "<group>"; };
		DE52F29B2A33340400061411 /* DateForm.swift */ = {isa = PBXFileReference; fileEncoding = 4; lastKnownFileType = sourcecode.swift; path = DateForm.swift; sourceTree = "<group>"; };
		DE52F29C2A33340400061411 /* BigForm.swift */ = {isa = PBXFileReference; fileEncoding = 4; lastKnownFileType = sourcecode.swift; path = BigForm.swift; sourceTree = "<group>"; };
		DE52F29D2A33340400061411 /* CustomToolbarButton.swift */ = {isa = PBXFileReference; fileEncoding = 4; lastKnownFileType = sourcecode.swift; path = CustomToolbarButton.swift; sourceTree = "<group>"; };
		DE52F29E2A33340400061411 /* TitleView.swift */ = {isa = PBXFileReference; fileEncoding = 4; lastKnownFileType = sourcecode.swift; path = TitleView.swift; sourceTree = "<group>"; };
		DE52F29F2A33340400061411 /* GeneratePhrasesToolbar.swift */ = {isa = PBXFileReference; fileEncoding = 4; lastKnownFileType = sourcecode.swift; path = GeneratePhrasesToolbar.swift; sourceTree = "<group>"; };
		DE52F2A02A33340400061411 /* CustomToolbar.swift */ = {isa = PBXFileReference; fileEncoding = 4; lastKnownFileType = sourcecode.swift; path = CustomToolbar.swift; sourceTree = "<group>"; };
		DE52F2A12A33340400061411 /* InfoBoxGeneratePhrases.swift */ = {isa = PBXFileReference; fileEncoding = 4; lastKnownFileType = sourcecode.swift; path = InfoBoxGeneratePhrases.swift; sourceTree = "<group>"; };
		DE52F2A22A33340400061411 /* AdaptiveForm.swift */ = {isa = PBXFileReference; fileEncoding = 4; lastKnownFileType = sourcecode.swift; path = AdaptiveForm.swift; sourceTree = "<group>"; };
		DE52F2A32A33340400061411 /* BasedForm.swift */ = {isa = PBXFileReference; fileEncoding = 4; lastKnownFileType = sourcecode.swift; path = BasedForm.swift; sourceTree = "<group>"; };
		DE52F2A42A33340400061411 /* OnboardingButton.swift */ = {isa = PBXFileReference; fileEncoding = 4; lastKnownFileType = sourcecode.swift; path = OnboardingButton.swift; sourceTree = "<group>"; };
		DE52F2A52A33340400061411 /* SubtitleView.swift */ = {isa = PBXFileReference; fileEncoding = 4; lastKnownFileType = sourcecode.swift; path = SubtitleView.swift; sourceTree = "<group>"; };
		DE52F2A62A33340400061411 /* EmptyResumeData.swift */ = {isa = PBXFileReference; fileEncoding = 4; lastKnownFileType = sourcecode.swift; path = EmptyResumeData.swift; sourceTree = "<group>"; };
		DE52F2A72A33340400061411 /* TitleToolbar.swift */ = {isa = PBXFileReference; fileEncoding = 4; lastKnownFileType = sourcecode.swift; path = TitleToolbar.swift; sourceTree = "<group>"; };
		DE52F2A82A33340400061411 /* ProgressBar.swift */ = {isa = PBXFileReference; fileEncoding = 4; lastKnownFileType = sourcecode.swift; path = ProgressBar.swift; sourceTree = "<group>"; };
		DE52F2A92A33340400061411 /* InputTag.swift */ = {isa = PBXFileReference; fileEncoding = 4; lastKnownFileType = sourcecode.swift; path = InputTag.swift; sourceTree = "<group>"; };
		DE52F2AA2A33340400061411 /* CardList.swift */ = {isa = PBXFileReference; fileEncoding = 4; lastKnownFileType = sourcecode.swift; path = CardList.swift; sourceTree = "<group>"; };
		DE52F2AB2A33340400061411 /* LoadingScreen.swift */ = {isa = PBXFileReference; fileEncoding = 4; lastKnownFileType = sourcecode.swift; path = LoadingScreen.swift; sourceTree = "<group>"; };
		DE52F2AC2A33340400061411 /* BigButton.swift */ = {isa = PBXFileReference; fileEncoding = 4; lastKnownFileType = sourcecode.swift; path = BigButton.swift; sourceTree = "<group>"; };
		DE52F2AD2A33340400061411 /* SmallButton.swift */ = {isa = PBXFileReference; fileEncoding = 4; lastKnownFileType = sourcecode.swift; path = SmallButton.swift; sourceTree = "<group>"; };
		DE52F2AE2A33340400061411 /* AtomicComponent.swift */ = {isa = PBXFileReference; fileEncoding = 4; lastKnownFileType = sourcecode.swift; path = AtomicComponent.swift; sourceTree = "<group>"; };
		DE52F2AF2A33340400061411 /* GeneratePhrasesForm.swift */ = {isa = PBXFileReference; fileEncoding = 4; lastKnownFileType = sourcecode.swift; path = GeneratePhrasesForm.swift; sourceTree = "<group>"; };
		DE52F2B02A33340400061411 /* CustomToolbar2.swift */ = {isa = PBXFileReference; fileEncoding = 4; lastKnownFileType = sourcecode.swift; path = CustomToolbar2.swift; sourceTree = "<group>"; };
		DE52F2C82A33349000061411 /* ScoreStatus.swift */ = {isa = PBXFileReference; fileEncoding = 4; lastKnownFileType = sourcecode.swift; path = ScoreStatus.swift; sourceTree = "<group>"; };
		DE52F2C92A33349000061411 /* Tag.swift */ = {isa = PBXFileReference; fileEncoding = 4; lastKnownFileType = sourcecode.swift; path = Tag.swift; sourceTree = "<group>"; };
		DE52F2CA2A33349000061411 /* Job.swift */ = {isa = PBXFileReference; fileEncoding = 4; lastKnownFileType = sourcecode.swift; path = Job.swift; sourceTree = "<group>"; };
/* End PBXFileReference section */

/* Begin PBXFrameworksBuildPhase section */
		6CCD80B62A3188C100D26574 /* Frameworks */ = {
			isa = PBXFrameworksBuildPhase;
			buildActionMask = 2147483647;
			files = (
			);
			runOnlyForDeploymentPostprocessing = 0;
		};
/* End PBXFrameworksBuildPhase section */

/* Begin PBXGroup section */
		23FCDF222A31962A00B62FED /* Models */ = {
			isa = PBXGroup;
			children = (
				23FCDF232A31963E00B62FED /* BiodataModel.swift */,
				23FCDF292A31AED200B62FED /* EducationModel.swift */,
				23FCDF2B2A31BC6800B62FED /* WorkExperienceModel.swift */,
				23FCDF2D2A31C01500B62FED /* OrganizationModel.swift */,
				23FCDF332A323AD800B62FED /* RelevancyScoreModel.swift */,
				23FCDF2F2A32238500B62FED /* VolunteerModel.swift */,
				23FCDF312A322F4900B62FED /* AchievementModel.swift */,
				6CCD80D42A31A8B200D26574 /* SuggestionModel.swift */,
			);
			path = Models;
			sourceTree = "<group>";
		};
		23FCDF382A323B5C00B62FED /* Helpers */ = {
			isa = PBXGroup;
			children = (
				23FCDF5C2A33814300B62FED /* Config.swift */,
			);
			path = Helpers;
			sourceTree = "<group>";
		};
		23FCDF602A338FAB00B62FED /* Recovered References */ = {
			isa = PBXGroup;
			children = (
			);
			name = "Recovered References";
			sourceTree = "<group>";
		};
		6CCD80B02A3188C100D26574 = {
			isa = PBXGroup;
			children = (
				6CCD80BB2A3188C100D26574 /* ResuMate */,
				6CCD80BA2A3188C100D26574 /* Products */,
				23FCDF602A338FAB00B62FED /* Recovered References */,
			);
			sourceTree = "<group>";
		};
		6CCD80BA2A3188C100D26574 /* Products */ = {
			isa = PBXGroup;
			children = (
				6CCD80B92A3188C100D26574 /* ResuMate.app */,
			);
			name = Products;
			sourceTree = "<group>";
		};
		6CCD80BB2A3188C100D26574 /* ResuMate */ = {
			isa = PBXGroup;
			children = (
				23FCDF382A323B5C00B62FED /* Helpers */,
				23FCDF222A31962A00B62FED /* Models */,
				6CCD80CF2A318BB800D26574 /* Services */,
				DE52F2C72A33349000061411 /* models */,
				DE52F29A2A33340400061411 /* widgets */,
				DE52F2952A3333E300061411 /* const */,
				DE52F2702A3333C600061411 /* modules */,
				6CCD80BC2A3188C100D26574 /* ResuMateApp.swift */,
				6CCD80BE2A3188C100D26574 /* ContentView.swift */,
				23FCDF572A33103900B62FED /* UploadResumeView.swift */,
				23FCDF592A33147900B62FED /* Config.plist */,
				6CCD80C02A3188C200D26574 /* Assets.xcassets */,
				6CCD80C52A3188C200D26574 /* Persistence.swift */,
				23FCDF272A31A8B300B62FED /* DocumentConverterView.swift */,
				6CCD80C72A3188C200D26574 /* ResuMate.xcdatamodeld */,
				6CCD80C22A3188C200D26574 /* Preview Content */,
			);
			path = ResuMate;
			sourceTree = "<group>";
		};
		6CCD80C22A3188C200D26574 /* Preview Content */ = {
			isa = PBXGroup;
			children = (
				6CCD80C32A3188C200D26574 /* Preview Assets.xcassets */,
			);
			path = "Preview Content";
			sourceTree = "<group>";
		};
		6CCD80CF2A318BB800D26574 /* Services */ = {
			isa = PBXGroup;
			children = (
				6CCD80D02A318BC900D26574 /* APIManager.swift */,
				6CCD80D22A318EF100D26574 /* ChatGptService.swift */,
				23FCDF552A32E5D100B62FED /* ResumeViewModel.swift */,
			);
			path = Services;
			sourceTree = "<group>";
		};
		DE52F2702A3333C600061411 /* modules */ = {
			isa = PBXGroup;
			children = (
				DE52F2712A3333C600061411 /* generatephrases */,
				DE52F2772A3333C600061411 /* homepage */,
				DE52F27B2A3333C600061411 /* skill */,
				DE52F27D2A3333C600061411 /* workexp */,
				DE52F2802A3333C600061411 /* education */,
				DE52F2832A3333C600061411 /* personaldata */,
			);
			path = modules;
			sourceTree = "<group>";
		};
		DE52F2712A3333C600061411 /* generatephrases */ = {
			isa = PBXGroup;
			children = (
				DE52F2722A3333C600061411 /* GeneratePhrases.swift */,
				DE52F2732A3333C600061411 /* TQuestion.swift */,
				DE52F2742A3333C600061411 /* AQuestion.swift */,
				DE52F2752A3333C600061411 /* SQuestion.swift */,
				DE52F2762A3333C600061411 /* RQuestion.swift */,
			);
			path = generatephrases;
			sourceTree = "<group>";
		};
		DE52F2772A3333C600061411 /* homepage */ = {
			isa = PBXGroup;
			children = (
				DE52F2782A3333C600061411 /* DataView.swift */,
				DE52F2792A3333C600061411 /* ResumeView.swift */,
				DE52F27A2A3333C600061411 /* HomePage.swift */,
			);
			path = homepage;
			sourceTree = "<group>";
		};
		DE52F27B2A3333C600061411 /* skill */ = {
			isa = PBXGroup;
			children = (
				DE52F27C2A3333C600061411 /* Skill.swift */,
			);
			path = skill;
			sourceTree = "<group>";
		};
		DE52F27D2A3333C600061411 /* workexp */ = {
			isa = PBXGroup;
			children = (
				DE52F27E2A3333C600061411 /* AddWorkExp.swift */,
				DE52F27F2A3333C600061411 /* WorkExperience.swift */,
			);
			path = workexp;
			sourceTree = "<group>";
		};
		DE52F2802A3333C600061411 /* education */ = {
			isa = PBXGroup;
			children = (
				DE52F2812A3333C600061411 /* EducationalBackground.swift */,
				DE52F2822A3333C600061411 /* AddEducation.swift */,
			);
			path = education;
			sourceTree = "<group>";
		};
		DE52F2832A3333C600061411 /* personaldata */ = {
			isa = PBXGroup;
			children = (
				DE52F2842A3333C600061411 /* ModalPersonalData.swift */,
				DE52F2852A3333C600061411 /* PersonalData.swift */,
			);
			path = personaldata;
			sourceTree = "<group>";
		};
		DE52F2952A3333E300061411 /* const */ = {
			isa = PBXGroup;
			children = (
				DE52F2962A3333E300061411 /* TextStyle.swift */,
				DE52F2972A3333E300061411 /* Color.swift */,
			);
			path = const;
			sourceTree = "<group>";
		};
		DE52F29A2A33340400061411 /* widgets */ = {
			isa = PBXGroup;
			children = (
				DE52F29B2A33340400061411 /* DateForm.swift */,
				DE52F29C2A33340400061411 /* BigForm.swift */,
				DE52F29D2A33340400061411 /* CustomToolbarButton.swift */,
				DE52F29E2A33340400061411 /* TitleView.swift */,
				DE52F29F2A33340400061411 /* GeneratePhrasesToolbar.swift */,
				DE52F2A02A33340400061411 /* CustomToolbar.swift */,
				DE52F2A12A33340400061411 /* InfoBoxGeneratePhrases.swift */,
				DE52F2A22A33340400061411 /* AdaptiveForm.swift */,
				DE52F2A32A33340400061411 /* BasedForm.swift */,
				DE52F2A42A33340400061411 /* OnboardingButton.swift */,
				DE52F2A52A33340400061411 /* SubtitleView.swift */,
				DE52F2A62A33340400061411 /* EmptyResumeData.swift */,
				DE52F2A72A33340400061411 /* TitleToolbar.swift */,
				DE52F2A82A33340400061411 /* ProgressBar.swift */,
				DE52F2A92A33340400061411 /* InputTag.swift */,
				DE52F2AA2A33340400061411 /* CardList.swift */,
				DE52F2AB2A33340400061411 /* LoadingScreen.swift */,
				DE52F2AC2A33340400061411 /* BigButton.swift */,
				DE52F2AD2A33340400061411 /* SmallButton.swift */,
				DE52F2AE2A33340400061411 /* AtomicComponent.swift */,
				DE52F2AF2A33340400061411 /* GeneratePhrasesForm.swift */,
				DE52F2B02A33340400061411 /* CustomToolbar2.swift */,
			);
			path = widgets;
			sourceTree = "<group>";
		};
		DE52F2C72A33349000061411 /* models */ = {
			isa = PBXGroup;
			children = (
				DE52F2C82A33349000061411 /* ScoreStatus.swift */,
				DE52F2C92A33349000061411 /* Tag.swift */,
				DE52F2CA2A33349000061411 /* Job.swift */,
			);
			path = models;
			sourceTree = "<group>";
		};
/* End PBXGroup section */

/* Begin PBXNativeTarget section */
		6CCD80B82A3188C100D26574 /* ResuMate */ = {
			isa = PBXNativeTarget;
			buildConfigurationList = 6CCD80CC2A3188C200D26574 /* Build configuration list for PBXNativeTarget "ResuMate" */;
			buildPhases = (
				6CCD80B52A3188C100D26574 /* Sources */,
				6CCD80B62A3188C100D26574 /* Frameworks */,
				6CCD80B72A3188C100D26574 /* Resources */,
			);
			buildRules = (
			);
			dependencies = (
			);
			name = ResuMate;
			productName = ResuMate;
			productReference = 6CCD80B92A3188C100D26574 /* ResuMate.app */;
			productType = "com.apple.product-type.application";
		};
/* End PBXNativeTarget section */

/* Begin PBXProject section */
		6CCD80B12A3188C100D26574 /* Project object */ = {
			isa = PBXProject;
			attributes = {
				BuildIndependentTargetsInParallel = 1;
				LastSwiftUpdateCheck = 1430;
				LastUpgradeCheck = 1430;
				TargetAttributes = {
					6CCD80B82A3188C100D26574 = {
						CreatedOnToolsVersion = 14.3;
					};
				};
			};
			buildConfigurationList = 6CCD80B42A3188C100D26574 /* Build configuration list for PBXProject "ResuMate" */;
			compatibilityVersion = "Xcode 14.0";
			developmentRegion = en;
			hasScannedForEncodings = 0;
			knownRegions = (
				en,
				Base,
			);
			mainGroup = 6CCD80B02A3188C100D26574;
			productRefGroup = 6CCD80BA2A3188C100D26574 /* Products */;
			projectDirPath = "";
			projectRoot = "";
			targets = (
				6CCD80B82A3188C100D26574 /* ResuMate */,
			);
		};
/* End PBXProject section */

/* Begin PBXResourcesBuildPhase section */
		6CCD80B72A3188C100D26574 /* Resources */ = {
			isa = PBXResourcesBuildPhase;
			buildActionMask = 2147483647;
			files = (
				6CCD80C42A3188C200D26574 /* Preview Assets.xcassets in Resources */,
				6CCD80C12A3188C200D26574 /* Assets.xcassets in Resources */,
			);
			runOnlyForDeploymentPostprocessing = 0;
		};
/* End PBXResourcesBuildPhase section */

/* Begin PBXSourcesBuildPhase section */
		6CCD80B52A3188C100D26574 /* Sources */ = {
			isa = PBXSourcesBuildPhase;
			buildActionMask = 2147483647;
			files = (
				23FCDF562A32E5D100B62FED /* ResumeViewModel.swift in Sources */,
				23FCDF282A31A8B300B62FED /* DocumentConverterView.swift in Sources */,
				23FCDF242A31963E00B62FED /* BiodataModel.swift in Sources */,
				6CCD80D52A31A8B200D26574 /* SuggestionModel.swift in Sources */,
				23FCDF582A33103900B62FED /* UploadResumeView.swift in Sources */,
				DE52F2BA2A33340400061411 /* OnboardingButton.swift in Sources */,
				DE52F2CD2A33349000061411 /* Job.swift in Sources */,
				DE52F2862A3333C600061411 /* GeneratePhrases.swift in Sources */,
				DE52F2C32A33340400061411 /* SmallButton.swift in Sources */,
				6CCD80C62A3188C200D26574 /* Persistence.swift in Sources */,
				DE52F2B42A33340400061411 /* TitleView.swift in Sources */,
				DE52F2B92A33340400061411 /* BasedForm.swift in Sources */,
				DE52F28F2A3333C600061411 /* AddWorkExp.swift in Sources */,
				DE52F2C02A33340400061411 /* CardList.swift in Sources */,
				DE52F2C62A33340400061411 /* CustomToolbar2.swift in Sources */,
				DE52F2982A3333E300061411 /* TextStyle.swift in Sources */,
				DE52F2992A3333E300061411 /* Color.swift in Sources */,
				DE52F2882A3333C600061411 /* AQuestion.swift in Sources */,
				DE52F28A2A3333C600061411 /* RQuestion.swift in Sources */,
				DE52F28E2A3333C600061411 /* Skill.swift in Sources */,
				6CCD80BF2A3188C100D26574 /* ContentView.swift in Sources */,
				6CCD80D12A318BC900D26574 /* APIManager.swift in Sources */,
				23FCDF342A323AD800B62FED /* RelevancyScoreModel.swift in Sources */,
				23FCDF2E2A31C01500B62FED /* OrganizationModel.swift in Sources */,
				6CCD80BD2A3188C100D26574 /* ResuMateApp.swift in Sources */,
				23FCDF302A32238500B62FED /* VolunteerModel.swift in Sources */,
				23FCDF322A322F4900B62FED /* AchievementModel.swift in Sources */,
				DE52F2B32A33340400061411 /* CustomToolbarButton.swift in Sources */,
				DE52F2BD2A33340400061411 /* TitleToolbar.swift in Sources */,
				DE52F2BC2A33340400061411 /* EmptyResumeData.swift in Sources */,
				DE52F2872A3333C600061411 /* TQuestion.swift in Sources */,
				DE52F28C2A3333C600061411 /* ResumeView.swift in Sources */,
				DE52F2CB2A33349000061411 /* ScoreStatus.swift in Sources */,
				DE52F2922A3333C600061411 /* AddEducation.swift in Sources */,
				DE52F2B82A33340400061411 /* AdaptiveForm.swift in Sources */,
				DE52F2BE2A33340400061411 /* ProgressBar.swift in Sources */,
				DE52F2932A3333C600061411 /* ModalPersonalData.swift in Sources */,
				DE52F2C42A33340400061411 /* AtomicComponent.swift in Sources */,
				DE52F2902A3333C600061411 /* WorkExperience.swift in Sources */,
				DE52F2942A3333C600061411 /* PersonalData.swift in Sources */,
				DE52F2912A3333C600061411 /* EducationalBackground.swift in Sources */,
				DE52F2C22A33340400061411 /* BigButton.swift in Sources */,
				DE52F2B52A33340400061411 /* GeneratePhrasesToolbar.swift in Sources */,
				23FCDF5D2A33814300B62FED /* Config.swift in Sources */,
				DE52F28B2A3333C600061411 /* DataView.swift in Sources */,
				DE52F2B62A33340400061411 /* CustomToolbar.swift in Sources */,
				DE52F2BB2A33340400061411 /* SubtitleView.swift in Sources */,
				DE52F28D2A3333C600061411 /* HomePage.swift in Sources */,
				DE52F2892A3333C600061411 /* SQuestion.swift in Sources */,
				DE52F2B12A33340400061411 /* DateForm.swift in Sources */,
				DE52F2BF2A33340400061411 /* InputTag.swift in Sources */,
				6CCD80BD2A3188C100D26574 /* ResuMateApp.swift in Sources */,
				DE52F2C12A33340400061411 /* LoadingScreen.swift in Sources */,
				DE52F2B22A33340400061411 /* BigForm.swift in Sources */,
				DE52F2B72A33340400061411 /* InfoBoxGeneratePhrases.swift in Sources */,
				DE52F2CC2A33349000061411 /* Tag.swift in Sources */,
				DE52F2C52A33340400061411 /* GeneratePhrasesForm.swift in Sources */,
				6CCD80C92A3188C200D26574 /* ResuMate.xcdatamodeld in Sources */,
				23FCDF2A2A31AED200B62FED /* EducationModel.swift in Sources */,
				23FCDF2C2A31BC6800B62FED /* WorkExperienceModel.swift in Sources */,
				6CCD80D32A318EF100D26574 /* ChatGptService.swift in Sources */,
			);
			runOnlyForDeploymentPostprocessing = 0;
		};
/* End PBXSourcesBuildPhase section */

/* Begin XCBuildConfiguration section */
		6CCD80CA2A3188C200D26574 /* Debug */ = {
			isa = XCBuildConfiguration;
			buildSettings = {
				ALWAYS_SEARCH_USER_PATHS = NO;
				CLANG_ANALYZER_NONNULL = YES;
				CLANG_ANALYZER_NUMBER_OBJECT_CONVERSION = YES_AGGRESSIVE;
				CLANG_CXX_LANGUAGE_STANDARD = "gnu++20";
				CLANG_ENABLE_MODULES = YES;
				CLANG_ENABLE_OBJC_ARC = YES;
				CLANG_ENABLE_OBJC_WEAK = YES;
				CLANG_WARN_BLOCK_CAPTURE_AUTORELEASING = YES;
				CLANG_WARN_BOOL_CONVERSION = YES;
				CLANG_WARN_COMMA = YES;
				CLANG_WARN_CONSTANT_CONVERSION = YES;
				CLANG_WARN_DEPRECATED_OBJC_IMPLEMENTATIONS = YES;
				CLANG_WARN_DIRECT_OBJC_ISA_USAGE = YES_ERROR;
				CLANG_WARN_DOCUMENTATION_COMMENTS = YES;
				CLANG_WARN_EMPTY_BODY = YES;
				CLANG_WARN_ENUM_CONVERSION = YES;
				CLANG_WARN_INFINITE_RECURSION = YES;
				CLANG_WARN_INT_CONVERSION = YES;
				CLANG_WARN_NON_LITERAL_NULL_CONVERSION = YES;
				CLANG_WARN_OBJC_IMPLICIT_RETAIN_SELF = YES;
				CLANG_WARN_OBJC_LITERAL_CONVERSION = YES;
				CLANG_WARN_OBJC_ROOT_CLASS = YES_ERROR;
				CLANG_WARN_QUOTED_INCLUDE_IN_FRAMEWORK_HEADER = YES;
				CLANG_WARN_RANGE_LOOP_ANALYSIS = YES;
				CLANG_WARN_STRICT_PROTOTYPES = YES;
				CLANG_WARN_SUSPICIOUS_MOVE = YES;
				CLANG_WARN_UNGUARDED_AVAILABILITY = YES_AGGRESSIVE;
				CLANG_WARN_UNREACHABLE_CODE = YES;
				CLANG_WARN__DUPLICATE_METHOD_MATCH = YES;
				COPY_PHASE_STRIP = NO;
				DEBUG_INFORMATION_FORMAT = dwarf;
				ENABLE_STRICT_OBJC_MSGSEND = YES;
				ENABLE_TESTABILITY = YES;
				GCC_C_LANGUAGE_STANDARD = gnu11;
				GCC_DYNAMIC_NO_PIC = NO;
				GCC_NO_COMMON_BLOCKS = YES;
				GCC_OPTIMIZATION_LEVEL = 0;
				GCC_PREPROCESSOR_DEFINITIONS = (
					"DEBUG=1",
					"$(inherited)",
				);
				GCC_WARN_64_TO_32_BIT_CONVERSION = YES;
				GCC_WARN_ABOUT_RETURN_TYPE = YES_ERROR;
				GCC_WARN_UNDECLARED_SELECTOR = YES;
				GCC_WARN_UNINITIALIZED_AUTOS = YES_AGGRESSIVE;
				GCC_WARN_UNUSED_FUNCTION = YES;
				GCC_WARN_UNUSED_VARIABLE = YES;
				IPHONEOS_DEPLOYMENT_TARGET = 16.4;
				MTL_ENABLE_DEBUG_INFO = INCLUDE_SOURCE;
				MTL_FAST_MATH = YES;
				ONLY_ACTIVE_ARCH = YES;
				SDKROOT = iphoneos;
				SWIFT_ACTIVE_COMPILATION_CONDITIONS = DEBUG;
				SWIFT_OPTIMIZATION_LEVEL = "-Onone";
			};
			name = Debug;
		};
		6CCD80CB2A3188C200D26574 /* Release */ = {
			isa = XCBuildConfiguration;
			buildSettings = {
				ALWAYS_SEARCH_USER_PATHS = NO;
				CLANG_ANALYZER_NONNULL = YES;
				CLANG_ANALYZER_NUMBER_OBJECT_CONVERSION = YES_AGGRESSIVE;
				CLANG_CXX_LANGUAGE_STANDARD = "gnu++20";
				CLANG_ENABLE_MODULES = YES;
				CLANG_ENABLE_OBJC_ARC = YES;
				CLANG_ENABLE_OBJC_WEAK = YES;
				CLANG_WARN_BLOCK_CAPTURE_AUTORELEASING = YES;
				CLANG_WARN_BOOL_CONVERSION = YES;
				CLANG_WARN_COMMA = YES;
				CLANG_WARN_CONSTANT_CONVERSION = YES;
				CLANG_WARN_DEPRECATED_OBJC_IMPLEMENTATIONS = YES;
				CLANG_WARN_DIRECT_OBJC_ISA_USAGE = YES_ERROR;
				CLANG_WARN_DOCUMENTATION_COMMENTS = YES;
				CLANG_WARN_EMPTY_BODY = YES;
				CLANG_WARN_ENUM_CONVERSION = YES;
				CLANG_WARN_INFINITE_RECURSION = YES;
				CLANG_WARN_INT_CONVERSION = YES;
				CLANG_WARN_NON_LITERAL_NULL_CONVERSION = YES;
				CLANG_WARN_OBJC_IMPLICIT_RETAIN_SELF = YES;
				CLANG_WARN_OBJC_LITERAL_CONVERSION = YES;
				CLANG_WARN_OBJC_ROOT_CLASS = YES_ERROR;
				CLANG_WARN_QUOTED_INCLUDE_IN_FRAMEWORK_HEADER = YES;
				CLANG_WARN_RANGE_LOOP_ANALYSIS = YES;
				CLANG_WARN_STRICT_PROTOTYPES = YES;
				CLANG_WARN_SUSPICIOUS_MOVE = YES;
				CLANG_WARN_UNGUARDED_AVAILABILITY = YES_AGGRESSIVE;
				CLANG_WARN_UNREACHABLE_CODE = YES;
				CLANG_WARN__DUPLICATE_METHOD_MATCH = YES;
				COPY_PHASE_STRIP = NO;
				DEBUG_INFORMATION_FORMAT = "dwarf-with-dsym";
				ENABLE_NS_ASSERTIONS = NO;
				ENABLE_STRICT_OBJC_MSGSEND = YES;
				GCC_C_LANGUAGE_STANDARD = gnu11;
				GCC_NO_COMMON_BLOCKS = YES;
				GCC_WARN_64_TO_32_BIT_CONVERSION = YES;
				GCC_WARN_ABOUT_RETURN_TYPE = YES_ERROR;
				GCC_WARN_UNDECLARED_SELECTOR = YES;
				GCC_WARN_UNINITIALIZED_AUTOS = YES_AGGRESSIVE;
				GCC_WARN_UNUSED_FUNCTION = YES;
				GCC_WARN_UNUSED_VARIABLE = YES;
				IPHONEOS_DEPLOYMENT_TARGET = 16.4;
				MTL_ENABLE_DEBUG_INFO = NO;
				MTL_FAST_MATH = YES;
				SDKROOT = iphoneos;
				SWIFT_COMPILATION_MODE = wholemodule;
				SWIFT_OPTIMIZATION_LEVEL = "-O";
				VALIDATE_PRODUCT = YES;
			};
			name = Release;
		};
		6CCD80CD2A3188C200D26574 /* Debug */ = {
			isa = XCBuildConfiguration;
			buildSettings = {
				ASSETCATALOG_COMPILER_APPICON_NAME = AppIcon;
				ASSETCATALOG_COMPILER_GLOBAL_ACCENT_COLOR_NAME = AccentColor;
				CODE_SIGN_STYLE = Automatic;
				CURRENT_PROJECT_VERSION = 1;
				DEVELOPMENT_ASSET_PATHS = "\"ResuMate/Preview Content\"";
				DEVELOPMENT_TEAM = 7FUC59ZN7P;
				ENABLE_PREVIEWS = YES;
				GENERATE_INFOPLIST_FILE = YES;
				INFOPLIST_KEY_UIApplicationSceneManifest_Generation = YES;
				INFOPLIST_KEY_UIApplicationSupportsIndirectInputEvents = YES;
				INFOPLIST_KEY_UILaunchScreen_Generation = YES;
				INFOPLIST_KEY_UISupportedInterfaceOrientations_iPad = "UIInterfaceOrientationPortrait UIInterfaceOrientationPortraitUpsideDown UIInterfaceOrientationLandscapeLeft UIInterfaceOrientationLandscapeRight";
				INFOPLIST_KEY_UISupportedInterfaceOrientations_iPhone = "UIInterfaceOrientationPortrait UIInterfaceOrientationLandscapeLeft UIInterfaceOrientationLandscapeRight";
				LD_RUNPATH_SEARCH_PATHS = (
					"$(inherited)",
					"@executable_path/Frameworks",
				);
				MARKETING_VERSION = 1.0;
				PRODUCT_BUNDLE_IDENTIFIER = com.fleya.ResuMate;
				PRODUCT_NAME = "$(TARGET_NAME)";
				SWIFT_EMIT_LOC_STRINGS = YES;
				SWIFT_VERSION = 5.0;
				TARGETED_DEVICE_FAMILY = "1,2";
			};
			name = Debug;
		};
		6CCD80CE2A3188C200D26574 /* Release */ = {
			isa = XCBuildConfiguration;
			buildSettings = {
				ASSETCATALOG_COMPILER_APPICON_NAME = AppIcon;
				ASSETCATALOG_COMPILER_GLOBAL_ACCENT_COLOR_NAME = AccentColor;
				CODE_SIGN_STYLE = Automatic;
				CURRENT_PROJECT_VERSION = 1;
				DEVELOPMENT_ASSET_PATHS = "\"ResuMate/Preview Content\"";
				DEVELOPMENT_TEAM = 7FUC59ZN7P;
				ENABLE_PREVIEWS = YES;
				GENERATE_INFOPLIST_FILE = YES;
				INFOPLIST_KEY_UIApplicationSceneManifest_Generation = YES;
				INFOPLIST_KEY_UIApplicationSupportsIndirectInputEvents = YES;
				INFOPLIST_KEY_UILaunchScreen_Generation = YES;
				INFOPLIST_KEY_UISupportedInterfaceOrientations_iPad = "UIInterfaceOrientationPortrait UIInterfaceOrientationPortraitUpsideDown UIInterfaceOrientationLandscapeLeft UIInterfaceOrientationLandscapeRight";
				INFOPLIST_KEY_UISupportedInterfaceOrientations_iPhone = "UIInterfaceOrientationPortrait UIInterfaceOrientationLandscapeLeft UIInterfaceOrientationLandscapeRight";
				LD_RUNPATH_SEARCH_PATHS = (
					"$(inherited)",
					"@executable_path/Frameworks",
				);
				MARKETING_VERSION = 1.0;
				PRODUCT_BUNDLE_IDENTIFIER = com.fleya.ResuMate;
				PRODUCT_NAME = "$(TARGET_NAME)";
				SWIFT_EMIT_LOC_STRINGS = YES;
				SWIFT_VERSION = 5.0;
				TARGETED_DEVICE_FAMILY = "1,2";
			};
			name = Release;
		};
/* End XCBuildConfiguration section */

/* Begin XCConfigurationList section */
		6CCD80B42A3188C100D26574 /* Build configuration list for PBXProject "ResuMate" */ = {
			isa = XCConfigurationList;
			buildConfigurations = (
				6CCD80CA2A3188C200D26574 /* Debug */,
				6CCD80CB2A3188C200D26574 /* Release */,
			);
			defaultConfigurationIsVisible = 0;
			defaultConfigurationName = Release;
		};
		6CCD80CC2A3188C200D26574 /* Build configuration list for PBXNativeTarget "ResuMate" */ = {
			isa = XCConfigurationList;
			buildConfigurations = (
				6CCD80CD2A3188C200D26574 /* Debug */,
				6CCD80CE2A3188C200D26574 /* Release */,
			);
			defaultConfigurationIsVisible = 0;
			defaultConfigurationName = Release;
		};
/* End XCConfigurationList section */

/* Begin XCVersionGroup section */
		6CCD80C72A3188C200D26574 /* ResuMate.xcdatamodeld */ = {
			isa = XCVersionGroup;
			children = (
				6CCD80C82A3188C200D26574 /* ResuMate.xcdatamodel */,
			);
			currentVersion = 6CCD80C82A3188C200D26574 /* ResuMate.xcdatamodel */;
			path = ResuMate.xcdatamodeld;
			sourceTree = "<group>";
			versionGroupType = wrapper.xcdatamodel;
		};
/* End XCVersionGroup section */
	};
	rootObject = 6CCD80B12A3188C100D26574 /* Project object */;
}
